// !$*UTF8*$!
{
	archiveVersion = 1;
	classes = {
	};
	objectVersion = 46;
	objects = {

/* Begin PBXBuildFile section */
		392EED3FF3234458B5D84DFF /* libPods.a in Frameworks */ = {isa = PBXBuildFile; fileRef = 23644B7328FE4C17B91CD2EF /* libPods.a */; };
		7F0E3615176E251600D09E1A /* ALEventInfoViewController.xib in Resources */ = {isa = PBXBuildFile; fileRef = 7F0E3614176E251600D09E1A /* ALEventInfoViewController.xib */; };
		7F0E3619176E2E0100D09E1A /* ALPlaceInfoViewController.xib in Resources */ = {isa = PBXBuildFile; fileRef = 7F0E3616176E2E0100D09E1A /* ALPlaceInfoViewController.xib */; };
		7F0E361A176E2E0100D09E1A /* ALPlacesMenuViewController.xib in Resources */ = {isa = PBXBuildFile; fileRef = 7F0E3617176E2E0100D09E1A /* ALPlacesMenuViewController.xib */; };
		7F0E361B176E2E0100D09E1A /* ALPlacesViewController.xib in Resources */ = {isa = PBXBuildFile; fileRef = 7F0E3618176E2E0100D09E1A /* ALPlacesViewController.xib */; };
		7F0E361D176E31E800D09E1A /* ALPlaceCell.xib in Resources */ = {isa = PBXBuildFile; fileRef = 7F0E361C176E31E800D09E1A /* ALPlaceCell.xib */; };
		7F0E361F176E37AF00D09E1A /* SystemConfiguration.framework in Frameworks */ = {isa = PBXBuildFile; fileRef = 7F0E361E176E37AF00D09E1A /* SystemConfiguration.framework */; };
		7F0E3621176E37B500D09E1A /* MobileCoreServices.framework in Frameworks */ = {isa = PBXBuildFile; fileRef = 7F0E3620176E37B500D09E1A /* MobileCoreServices.framework */; };
		7F0E3628176E51E600D09E1A /* camera-icon.png in Resources */ = {isa = PBXBuildFile; fileRef = 7F0E3626176E51E600D09E1A /* camera-icon.png */; };
		7F0E3629176E51E600D09E1A /* camera-icon@2x.png in Resources */ = {isa = PBXBuildFile; fileRef = 7F0E3627176E51E600D09E1A /* camera-icon@2x.png */; };
		7F0E362C176E525C00D09E1A /* ALResourceLoader.m in Sources */ = {isa = PBXBuildFile; fileRef = 7F0E362B176E525B00D09E1A /* ALResourceLoader.m */; };
		7F3666FD1722B6AB00E7BCF4 /* calendar-icon.png in Resources */ = {isa = PBXBuildFile; fileRef = 7F3666DD1722B6AB00E7BCF4 /* calendar-icon.png */; };
		7F3666FE1722B6AB00E7BCF4 /* Default.png in Resources */ = {isa = PBXBuildFile; fileRef = 7F3666DF1722B6AB00E7BCF4 /* Default.png */; };
		7F3666FF1722B6AB00E7BCF4 /* Default@2x.png in Resources */ = {isa = PBXBuildFile; fileRef = 7F3666E01722B6AB00E7BCF4 /* Default@2x.png */; };
		7F3667001722B6AB00E7BCF4 /* Icon.png in Resources */ = {isa = PBXBuildFile; fileRef = 7F3666E11722B6AB00E7BCF4 /* Icon.png */; };
		7F3667011722B6AB00E7BCF4 /* Icon@2x.png in Resources */ = {isa = PBXBuildFile; fileRef = 7F3666E21722B6AB00E7BCF4 /* Icon@2x.png */; };
		7F3667021722B6AB00E7BCF4 /* 103-map.png in Resources */ = {isa = PBXBuildFile; fileRef = 7F3666E41722B6AB00E7BCF4 /* 103-map.png */; };
		7F3667031722B6AB00E7BCF4 /* 114-balloon.png in Resources */ = {isa = PBXBuildFile; fileRef = 7F3666E51722B6AB00E7BCF4 /* 114-balloon.png */; };
		7F3667041722B6AB00E7BCF4 /* 121-landscape.png in Resources */ = {isa = PBXBuildFile; fileRef = 7F3666E61722B6AB00E7BCF4 /* 121-landscape.png */; };
		7F3667051722B6AB00E7BCF4 /* 124-bullhorn.png in Resources */ = {isa = PBXBuildFile; fileRef = 7F3666E71722B6AB00E7BCF4 /* 124-bullhorn.png */; };
		7F3667061722B6AB00E7BCF4 /* 137-presentation.png in Resources */ = {isa = PBXBuildFile; fileRef = 7F3666E81722B6AB00E7BCF4 /* 137-presentation.png */; };
		7F3667071722B6AB00E7BCF4 /* 144-martini.png in Resources */ = {isa = PBXBuildFile; fileRef = 7F3666E91722B6AB00E7BCF4 /* 144-martini.png */; };
		7F3667081722B6AB00E7BCF4 /* 153-guitar.png in Resources */ = {isa = PBXBuildFile; fileRef = 7F3666EA1722B6AB00E7BCF4 /* 153-guitar.png */; };
		7F3667091722B6AB00E7BCF4 /* 190-bank.png in Resources */ = {isa = PBXBuildFile; fileRef = 7F3666EB1722B6AB00E7BCF4 /* 190-bank.png */; };
		7F36670A1722B6AB00E7BCF4 /* 191-collection.png in Resources */ = {isa = PBXBuildFile; fileRef = 7F3666EC1722B6AB00E7BCF4 /* 191-collection.png */; };
		7F36670B1722B6AB00E7BCF4 /* 20-gear2.png in Resources */ = {isa = PBXBuildFile; fileRef = 7F3666ED1722B6AB00E7BCF4 /* 20-gear2.png */; };
		7F36670C1722B6AB00E7BCF4 /* 24-gift.png in Resources */ = {isa = PBXBuildFile; fileRef = 7F3666EE1722B6AB00E7BCF4 /* 24-gift.png */; };
		7F36670D1722B6AB00E7BCF4 /* 28-star.png in Resources */ = {isa = PBXBuildFile; fileRef = 7F3666EF1722B6AB00E7BCF4 /* 28-star.png */; };
		7F36670E1722B6AB00E7BCF4 /* 34-coffee.png in Resources */ = {isa = PBXBuildFile; fileRef = 7F3666F01722B6AB00E7BCF4 /* 34-coffee.png */; };
		7F36670F1722B6AB00E7BCF4 /* 41-picture-frame.png in Resources */ = {isa = PBXBuildFile; fileRef = 7F3666F11722B6AB00E7BCF4 /* 41-picture-frame.png */; };
		7F3667101722B6AB00E7BCF4 /* 43-film-roll.png in Resources */ = {isa = PBXBuildFile; fileRef = 7F3666F21722B6AB00E7BCF4 /* 43-film-roll.png */; };
		7F3667111722B6AB00E7BCF4 /* 45-movie-1.png in Resources */ = {isa = PBXBuildFile; fileRef = 7F3666F31722B6AB00E7BCF4 /* 45-movie-1.png */; };
		7F3667121722B6AB00E7BCF4 /* 66-microphone.png in Resources */ = {isa = PBXBuildFile; fileRef = 7F3666F41722B6AB00E7BCF4 /* 66-microphone.png */; };
		7F3667131722B6AB00E7BCF4 /* 70-tv.png in Resources */ = {isa = PBXBuildFile; fileRef = 7F3666F51722B6AB00E7BCF4 /* 70-tv.png */; };
		7F3667141722B6AB00E7BCF4 /* 83-calendar.png in Resources */ = {isa = PBXBuildFile; fileRef = 7F3666F61722B6AB00E7BCF4 /* 83-calendar.png */; };
		7F3667151722B6AB00E7BCF4 /* 85-trophy.png in Resources */ = {isa = PBXBuildFile; fileRef = 7F3666F71722B6AB00E7BCF4 /* 85-trophy.png */; };
		7F3667161722B6AB00E7BCF4 /* 86-camera.png in Resources */ = {isa = PBXBuildFile; fileRef = 7F3666F81722B6AB00E7BCF4 /* 86-camera.png */; };
		7F3667171722B6AB00E7BCF4 /* 88-beer-mug.png in Resources */ = {isa = PBXBuildFile; fileRef = 7F3666F91722B6AB00E7BCF4 /* 88-beer-mug.png */; };
		7F3667181722B6AB00E7BCF4 /* 98-palette.png in Resources */ = {isa = PBXBuildFile; fileRef = 7F3666FA1722B6AB00E7BCF4 /* 98-palette.png */; };
		7F36671D1722B6C200E7BCF4 /* ALEventCell.xib in Resources */ = {isa = PBXBuildFile; fileRef = 7F36671C1722B6C200E7BCF4 /* ALEventCell.xib */; };
		7F3667211722B6F100E7BCF4 /* ALEventsViewController.xib in Resources */ = {isa = PBXBuildFile; fileRef = 7F36671F1722B6F100E7BCF4 /* ALEventsViewController.xib */; };
		7F3667381722B80700E7BCF4 /* ALEventInfoViewController.m in Sources */ = {isa = PBXBuildFile; fileRef = 7F3667271722B80600E7BCF4 /* ALEventInfoViewController.m */; };
		7F3667391722B80700E7BCF4 /* ALEventsMenuViewController.m in Sources */ = {isa = PBXBuildFile; fileRef = 7F3667291722B80600E7BCF4 /* ALEventsMenuViewController.m */; };
		7F36673B1722B80700E7BCF4 /* ALEventsViewController.m in Sources */ = {isa = PBXBuildFile; fileRef = 7F36672D1722B80600E7BCF4 /* ALEventsViewController.m */; };
		7F36673C1722B80700E7BCF4 /* ALPlaceInfoViewController.m in Sources */ = {isa = PBXBuildFile; fileRef = 7F36672F1722B80600E7BCF4 /* ALPlaceInfoViewController.m */; };
		7F36673D1722B80700E7BCF4 /* ALPlacesMenuViewController.m in Sources */ = {isa = PBXBuildFile; fileRef = 7F3667311722B80600E7BCF4 /* ALPlacesMenuViewController.m */; };
		7F36673E1722B80700E7BCF4 /* ALPlacesViewController.m in Sources */ = {isa = PBXBuildFile; fileRef = 7F3667331722B80600E7BCF4 /* ALPlacesViewController.m */; };
		7F3667491722B82F00E7BCF4 /* ALPlaceAnnotation.m in Sources */ = {isa = PBXBuildFile; fileRef = 7F3667461722B82F00E7BCF4 /* ALPlaceAnnotation.m */; };
		7F36675A1722B84500E7BCF4 /* ALEvent.m in Sources */ = {isa = PBXBuildFile; fileRef = 7F36674B1722B84500E7BCF4 /* ALEvent.m */; };
		7F36675C1722B84500E7BCF4 /* ALEventInfo.m in Sources */ = {isa = PBXBuildFile; fileRef = 7F36674F1722B84500E7BCF4 /* ALEventInfo.m */; };
		7F36675E1722B84500E7BCF4 /* ALPlace.m in Sources */ = {isa = PBXBuildFile; fileRef = 7F3667531722B84500E7BCF4 /* ALPlace.m */; };
		7F3667601722B84500E7BCF4 /* ALPlaceInfo.m in Sources */ = {isa = PBXBuildFile; fileRef = 7F3667571722B84500E7BCF4 /* ALPlaceInfo.m */; };
		7F36678F1722B8CD00E7BCF4 /* AfishaLviv.xcdatamodeld in Sources */ = {isa = PBXBuildFile; fileRef = 7F36678D1722B8CD00E7BCF4 /* AfishaLviv.xcdatamodeld */; };
		7F3667911722B9BD00E7BCF4 /* Default-568h@2x.png in Resources */ = {isa = PBXBuildFile; fileRef = 7F3667901722B9BD00E7BCF4 /* Default-568h@2x.png */; };
		7F8D9BC11722BD9C00EE5D7C /* ALDataManager.m in Sources */ = {isa = PBXBuildFile; fileRef = 7F8D9BC01722BD9C00EE5D7C /* ALDataManager.m */; };
		7FAABC0415251C1C00C9987A /* MapKit.framework in Frameworks */ = {isa = PBXBuildFile; fileRef = 7FAABC0315251C1C00C9987A /* MapKit.framework */; };
		7FBC8652176CFCF00037DD52 /* ALViewController.m in Sources */ = {isa = PBXBuildFile; fileRef = 7FBC8651176CFCF00037DD52 /* ALViewController.m */; };
		7FBC8654176CFD7B0037DD52 /* ALEventsMenuViewController.xib in Resources */ = {isa = PBXBuildFile; fileRef = 7FBC8653176CFD7B0037DD52 /* ALEventsMenuViewController.xib */; };
		7FBC8659176D037C0037DD52 /* ALHTTPClient.m in Sources */ = {isa = PBXBuildFile; fileRef = 7FBC8658176D037C0037DD52 /* ALHTTPClient.m */; };
		7FC0E5D3152F66270077253F /* Twitter.framework in Frameworks */ = {isa = PBXBuildFile; fileRef = 7FC0E5D2152F66270077253F /* Twitter.framework */; };
		7FC0E5D6152F6AB00077253F /* EventKit.framework in Frameworks */ = {isa = PBXBuildFile; fileRef = 7FC0E5D5152F6AB00077253F /* EventKit.framework */; };
		7FC0E5E0152F6D1F0077253F /* EventKitUI.framework in Frameworks */ = {isa = PBXBuildFile; fileRef = 7FC0E5DF152F6D1F0077253F /* EventKitUI.framework */; };
		7FD4FE95158E17F9009C85BB /* ImageIO.framework in Frameworks */ = {isa = PBXBuildFile; fileRef = 7FD4FE94158E17F9009C85BB /* ImageIO.framework */; };
		7FD5DD691517EE5200E919FA /* UIKit.framework in Frameworks */ = {isa = PBXBuildFile; fileRef = 7FD5DD681517EE5200E919FA /* UIKit.framework */; };
		7FD5DD6B1517EE5200E919FA /* Foundation.framework in Frameworks */ = {isa = PBXBuildFile; fileRef = 7FD5DD6A1517EE5200E919FA /* Foundation.framework */; };
		7FD5DD6D1517EE5200E919FA /* CoreGraphics.framework in Frameworks */ = {isa = PBXBuildFile; fileRef = 7FD5DD6C1517EE5200E919FA /* CoreGraphics.framework */; };
		7FD5DD6F1517EE5200E919FA /* CoreData.framework in Frameworks */ = {isa = PBXBuildFile; fileRef = 7FD5DD6E1517EE5200E919FA /* CoreData.framework */; };
		7FD5DD771517EE5200E919FA /* main.m in Sources */ = {isa = PBXBuildFile; fileRef = 7FD5DD761517EE5200E919FA /* main.m */; };
		7FD5DD7B1517EE5200E919FA /* ALAppDelegate.m in Sources */ = {isa = PBXBuildFile; fileRef = 7FD5DD7A1517EE5200E919FA /* ALAppDelegate.m */; };
		7FE8E32D176E7D3F0034E9C9 /* ALDatePickerView.m in Sources */ = {isa = PBXBuildFile; fileRef = 7FE8E32C176E7D3F0034E9C9 /* ALDatePickerView.m */; };
		7FE8E336176E86CA0034E9C9 /* libTestFlight.a in Frameworks */ = {isa = PBXBuildFile; fileRef = 7FE8E332176E86CA0034E9C9 /* libTestFlight.a */; };
		7FE8E337176E86CB0034E9C9 /* README.md in Resources */ = {isa = PBXBuildFile; fileRef = 7FE8E333176E86CA0034E9C9 /* README.md */; };
		7FE8E338176E86CB0034E9C9 /* release_notes.md in Resources */ = {isa = PBXBuildFile; fileRef = 7FE8E334176E86CA0034E9C9 /* release_notes.md */; };
		7FE8E33C176E87640034E9C9 /* libz.dylib in Frameworks */ = {isa = PBXBuildFile; fileRef = 7FE8E33B176E87640034E9C9 /* libz.dylib */; };
		7FF85BD7153E3BE5001EA4D5 /* Localizable.strings in Resources */ = {isa = PBXBuildFile; fileRef = 7FF85BD5153E3BE5001EA4D5 /* Localizable.strings */; };
/* End PBXBuildFile section */

/* Begin PBXFileReference section */
		12AC591DD4BB4C6DBA9C508E /* Pods.xcconfig */ = {isa = PBXFileReference; includeInIndex = 1; lastKnownFileType = text.xcconfig; name = Pods.xcconfig; path = Pods/Pods.xcconfig; sourceTree = SOURCE_ROOT; };
		23644B7328FE4C17B91CD2EF /* libPods.a */ = {isa = PBXFileReference; explicitFileType = archive.ar; includeInIndex = 0; path = libPods.a; sourceTree = BUILT_PRODUCTS_DIR; };
		7F0E3614176E251600D09E1A /* ALEventInfoViewController.xib */ = {isa = PBXFileReference; fileEncoding = 4; lastKnownFileType = file.xib; path = ALEventInfoViewController.xib; sourceTree = "<group>"; };
		7F0E3616176E2E0100D09E1A /* ALPlaceInfoViewController.xib */ = {isa = PBXFileReference; fileEncoding = 4; lastKnownFileType = file.xib; path = ALPlaceInfoViewController.xib; sourceTree = "<group>"; };
		7F0E3617176E2E0100D09E1A /* ALPlacesMenuViewController.xib */ = {isa = PBXFileReference; fileEncoding = 4; lastKnownFileType = file.xib; path = ALPlacesMenuViewController.xib; sourceTree = "<group>"; };
		7F0E3618176E2E0100D09E1A /* ALPlacesViewController.xib */ = {isa = PBXFileReference; fileEncoding = 4; lastKnownFileType = file.xib; path = ALPlacesViewController.xib; sourceTree = "<group>"; };
		7F0E361C176E31E800D09E1A /* ALPlaceCell.xib */ = {isa = PBXFileReference; fileEncoding = 4; lastKnownFileType = file.xib; path = ALPlaceCell.xib; sourceTree = "<group>"; };
		7F0E361E176E37AF00D09E1A /* SystemConfiguration.framework */ = {isa = PBXFileReference; lastKnownFileType = wrapper.framework; name = SystemConfiguration.framework; path = System/Library/Frameworks/SystemConfiguration.framework; sourceTree = SDKROOT; };
		7F0E3620176E37B500D09E1A /* MobileCoreServices.framework */ = {isa = PBXFileReference; lastKnownFileType = wrapper.framework; name = MobileCoreServices.framework; path = System/Library/Frameworks/MobileCoreServices.framework; sourceTree = SDKROOT; };
		7F0E3626176E51E600D09E1A /* camera-icon.png */ = {isa = PBXFileReference; lastKnownFileType = image.png; path = "camera-icon.png"; sourceTree = "<group>"; };
		7F0E3627176E51E600D09E1A /* camera-icon@2x.png */ = {isa = PBXFileReference; lastKnownFileType = image.png; path = "camera-icon@2x.png"; sourceTree = "<group>"; };
		7F0E362A176E525B00D09E1A /* ALResourceLoader.h */ = {isa = PBXFileReference; fileEncoding = 4; lastKnownFileType = sourcecode.c.h; name = ALResourceLoader.h; path = Models/ALResourceLoader.h; sourceTree = "<group>"; };
		7F0E362B176E525B00D09E1A /* ALResourceLoader.m */ = {isa = PBXFileReference; fileEncoding = 4; lastKnownFileType = sourcecode.c.objc; name = ALResourceLoader.m; path = Models/ALResourceLoader.m; sourceTree = "<group>"; };
		7F3666DD1722B6AB00E7BCF4 /* calendar-icon.png */ = {isa = PBXFileReference; lastKnownFileType = image.png; path = "calendar-icon.png"; sourceTree = "<group>"; };
		7F3666DF1722B6AB00E7BCF4 /* Default.png */ = {isa = PBXFileReference; lastKnownFileType = image.png; path = Default.png; sourceTree = "<group>"; };
		7F3666E01722B6AB00E7BCF4 /* Default@2x.png */ = {isa = PBXFileReference; lastKnownFileType = image.png; path = "Default@2x.png"; sourceTree = "<group>"; };
		7F3666E11722B6AB00E7BCF4 /* Icon.png */ = {isa = PBXFileReference; lastKnownFileType = image.png; path = Icon.png; sourceTree = "<group>"; };
		7F3666E21722B6AB00E7BCF4 /* Icon@2x.png */ = {isa = PBXFileReference; lastKnownFileType = image.png; path = "Icon@2x.png"; sourceTree = "<group>"; };
		7F3666E41722B6AB00E7BCF4 /* 103-map.png */ = {isa = PBXFileReference; lastKnownFileType = image.png; path = "103-map.png"; sourceTree = "<group>"; };
		7F3666E51722B6AB00E7BCF4 /* 114-balloon.png */ = {isa = PBXFileReference; lastKnownFileType = image.png; path = "114-balloon.png"; sourceTree = "<group>"; };
		7F3666E61722B6AB00E7BCF4 /* 121-landscape.png */ = {isa = PBXFileReference; lastKnownFileType = image.png; path = "121-landscape.png"; sourceTree = "<group>"; };
		7F3666E71722B6AB00E7BCF4 /* 124-bullhorn.png */ = {isa = PBXFileReference; lastKnownFileType = image.png; path = "124-bullhorn.png"; sourceTree = "<group>"; };
		7F3666E81722B6AB00E7BCF4 /* 137-presentation.png */ = {isa = PBXFileReference; lastKnownFileType = image.png; path = "137-presentation.png"; sourceTree = "<group>"; };
		7F3666E91722B6AB00E7BCF4 /* 144-martini.png */ = {isa = PBXFileReference; lastKnownFileType = image.png; path = "144-martini.png"; sourceTree = "<group>"; };
		7F3666EA1722B6AB00E7BCF4 /* 153-guitar.png */ = {isa = PBXFileReference; lastKnownFileType = image.png; path = "153-guitar.png"; sourceTree = "<group>"; };
		7F3666EB1722B6AB00E7BCF4 /* 190-bank.png */ = {isa = PBXFileReference; lastKnownFileType = image.png; path = "190-bank.png"; sourceTree = "<group>"; };
		7F3666EC1722B6AB00E7BCF4 /* 191-collection.png */ = {isa = PBXFileReference; lastKnownFileType = image.png; path = "191-collection.png"; sourceTree = "<group>"; };
		7F3666ED1722B6AB00E7BCF4 /* 20-gear2.png */ = {isa = PBXFileReference; lastKnownFileType = image.png; path = "20-gear2.png"; sourceTree = "<group>"; };
		7F3666EE1722B6AB00E7BCF4 /* 24-gift.png */ = {isa = PBXFileReference; lastKnownFileType = image.png; path = "24-gift.png"; sourceTree = "<group>"; };
		7F3666EF1722B6AB00E7BCF4 /* 28-star.png */ = {isa = PBXFileReference; lastKnownFileType = image.png; path = "28-star.png"; sourceTree = "<group>"; };
		7F3666F01722B6AB00E7BCF4 /* 34-coffee.png */ = {isa = PBXFileReference; lastKnownFileType = image.png; path = "34-coffee.png"; sourceTree = "<group>"; };
		7F3666F11722B6AB00E7BCF4 /* 41-picture-frame.png */ = {isa = PBXFileReference; lastKnownFileType = image.png; path = "41-picture-frame.png"; sourceTree = "<group>"; };
		7F3666F21722B6AB00E7BCF4 /* 43-film-roll.png */ = {isa = PBXFileReference; lastKnownFileType = image.png; path = "43-film-roll.png"; sourceTree = "<group>"; };
		7F3666F31722B6AB00E7BCF4 /* 45-movie-1.png */ = {isa = PBXFileReference; lastKnownFileType = image.png; path = "45-movie-1.png"; sourceTree = "<group>"; };
		7F3666F41722B6AB00E7BCF4 /* 66-microphone.png */ = {isa = PBXFileReference; lastKnownFileType = image.png; path = "66-microphone.png"; sourceTree = "<group>"; };
		7F3666F51722B6AB00E7BCF4 /* 70-tv.png */ = {isa = PBXFileReference; lastKnownFileType = image.png; path = "70-tv.png"; sourceTree = "<group>"; };
		7F3666F61722B6AB00E7BCF4 /* 83-calendar.png */ = {isa = PBXFileReference; lastKnownFileType = image.png; path = "83-calendar.png"; sourceTree = "<group>"; };
		7F3666F71722B6AB00E7BCF4 /* 85-trophy.png */ = {isa = PBXFileReference; lastKnownFileType = image.png; path = "85-trophy.png"; sourceTree = "<group>"; };
		7F3666F81722B6AB00E7BCF4 /* 86-camera.png */ = {isa = PBXFileReference; lastKnownFileType = image.png; path = "86-camera.png"; sourceTree = "<group>"; };
		7F3666F91722B6AB00E7BCF4 /* 88-beer-mug.png */ = {isa = PBXFileReference; lastKnownFileType = image.png; path = "88-beer-mug.png"; sourceTree = "<group>"; };
		7F3666FA1722B6AB00E7BCF4 /* 98-palette.png */ = {isa = PBXFileReference; lastKnownFileType = image.png; path = "98-palette.png"; sourceTree = "<group>"; };
		7F36671C1722B6C200E7BCF4 /* ALEventCell.xib */ = {isa = PBXFileReference; fileEncoding = 4; lastKnownFileType = file.xib; path = ALEventCell.xib; sourceTree = "<group>"; };
		7F36671F1722B6F100E7BCF4 /* ALEventsViewController.xib */ = {isa = PBXFileReference; fileEncoding = 4; lastKnownFileType = file.xib; path = ALEventsViewController.xib; sourceTree = "<group>"; };
		7F3667261722B80600E7BCF4 /* ALEventInfoViewController.h */ = {isa = PBXFileReference; fileEncoding = 4; lastKnownFileType = sourcecode.c.h; name = ALEventInfoViewController.h; path = Controllers/ALEventInfoViewController.h; sourceTree = "<group>"; };
		7F3667271722B80600E7BCF4 /* ALEventInfoViewController.m */ = {isa = PBXFileReference; fileEncoding = 4; lastKnownFileType = sourcecode.c.objc; name = ALEventInfoViewController.m; path = Controllers/ALEventInfoViewController.m; sourceTree = "<group>"; };
		7F3667281722B80600E7BCF4 /* ALEventsMenuViewController.h */ = {isa = PBXFileReference; fileEncoding = 4; lastKnownFileType = sourcecode.c.h; name = ALEventsMenuViewController.h; path = Controllers/ALEventsMenuViewController.h; sourceTree = "<group>"; };
		7F3667291722B80600E7BCF4 /* ALEventsMenuViewController.m */ = {isa = PBXFileReference; fileEncoding = 4; lastKnownFileType = sourcecode.c.objc; name = ALEventsMenuViewController.m; path = Controllers/ALEventsMenuViewController.m; sourceTree = "<group>"; };
		7F36672C1722B80600E7BCF4 /* ALEventsViewController.h */ = {isa = PBXFileReference; fileEncoding = 4; lastKnownFileType = sourcecode.c.h; name = ALEventsViewController.h; path = Controllers/ALEventsViewController.h; sourceTree = "<group>"; };
		7F36672D1722B80600E7BCF4 /* ALEventsViewController.m */ = {isa = PBXFileReference; fileEncoding = 4; lastKnownFileType = sourcecode.c.objc; name = ALEventsViewController.m; path = Controllers/ALEventsViewController.m; sourceTree = "<group>"; };
		7F36672E1722B80600E7BCF4 /* ALPlaceInfoViewController.h */ = {isa = PBXFileReference; fileEncoding = 4; lastKnownFileType = sourcecode.c.h; name = ALPlaceInfoViewController.h; path = Controllers/ALPlaceInfoViewController.h; sourceTree = "<group>"; };
		7F36672F1722B80600E7BCF4 /* ALPlaceInfoViewController.m */ = {isa = PBXFileReference; fileEncoding = 4; lastKnownFileType = sourcecode.c.objc; name = ALPlaceInfoViewController.m; path = Controllers/ALPlaceInfoViewController.m; sourceTree = "<group>"; };
		7F3667301722B80600E7BCF4 /* ALPlacesMenuViewController.h */ = {isa = PBXFileReference; fileEncoding = 4; lastKnownFileType = sourcecode.c.h; name = ALPlacesMenuViewController.h; path = Controllers/ALPlacesMenuViewController.h; sourceTree = "<group>"; };
		7F3667311722B80600E7BCF4 /* ALPlacesMenuViewController.m */ = {isa = PBXFileReference; fileEncoding = 4; lastKnownFileType = sourcecode.c.objc; name = ALPlacesMenuViewController.m; path = Controllers/ALPlacesMenuViewController.m; sourceTree = "<group>"; };
		7F3667321722B80600E7BCF4 /* ALPlacesViewController.h */ = {isa = PBXFileReference; fileEncoding = 4; lastKnownFileType = sourcecode.c.h; name = ALPlacesViewController.h; path = Controllers/ALPlacesViewController.h; sourceTree = "<group>"; };
		7F3667331722B80600E7BCF4 /* ALPlacesViewController.m */ = {isa = PBXFileReference; fileEncoding = 4; lastKnownFileType = sourcecode.c.objc; name = ALPlacesViewController.m; path = Controllers/ALPlacesViewController.m; sourceTree = "<group>"; };
		7F3667451722B82F00E7BCF4 /* ALPlaceAnnotation.h */ = {isa = PBXFileReference; fileEncoding = 4; lastKnownFileType = sourcecode.c.h; path = ALPlaceAnnotation.h; sourceTree = "<group>"; };
		7F3667461722B82F00E7BCF4 /* ALPlaceAnnotation.m */ = {isa = PBXFileReference; fileEncoding = 4; lastKnownFileType = sourcecode.c.objc; path = ALPlaceAnnotation.m; sourceTree = "<group>"; };
		7F36674A1722B84500E7BCF4 /* ALEvent.h */ = {isa = PBXFileReference; fileEncoding = 4; lastKnownFileType = sourcecode.c.h; name = ALEvent.h; path = CoreDate/ALEvent.h; sourceTree = "<group>"; };
		7F36674B1722B84500E7BCF4 /* ALEvent.m */ = {isa = PBXFileReference; fileEncoding = 4; lastKnownFileType = sourcecode.c.objc; name = ALEvent.m; path = CoreDate/ALEvent.m; sourceTree = "<group>"; };
		7F36674E1722B84500E7BCF4 /* ALEventInfo.h */ = {isa = PBXFileReference; fileEncoding = 4; lastKnownFileType = sourcecode.c.h; name = ALEventInfo.h; path = CoreDate/ALEventInfo.h; sourceTree = "<group>"; };
		7F36674F1722B84500E7BCF4 /* ALEventInfo.m */ = {isa = PBXFileReference; fileEncoding = 4; lastKnownFileType = sourcecode.c.objc; name = ALEventInfo.m; path = CoreDate/ALEventInfo.m; sourceTree = "<group>"; };
		7F3667521722B84500E7BCF4 /* ALPlace.h */ = {isa = PBXFileReference; fileEncoding = 4; lastKnownFileType = sourcecode.c.h; name = ALPlace.h; path = CoreDate/ALPlace.h; sourceTree = "<group>"; };
		7F3667531722B84500E7BCF4 /* ALPlace.m */ = {isa = PBXFileReference; fileEncoding = 4; lastKnownFileType = sourcecode.c.objc; name = ALPlace.m; path = CoreDate/ALPlace.m; sourceTree = "<group>"; };
		7F3667561722B84500E7BCF4 /* ALPlaceInfo.h */ = {isa = PBXFileReference; fileEncoding = 4; lastKnownFileType = sourcecode.c.h; name = ALPlaceInfo.h; path = CoreDate/ALPlaceInfo.h; sourceTree = "<group>"; };
		7F3667571722B84500E7BCF4 /* ALPlaceInfo.m */ = {isa = PBXFileReference; fileEncoding = 4; lastKnownFileType = sourcecode.c.objc; name = ALPlaceInfo.m; path = CoreDate/ALPlaceInfo.m; sourceTree = "<group>"; };
		7F36678E1722B8CD00E7BCF4 /* AfishaLviv.xcdatamodel */ = {isa = PBXFileReference; lastKnownFileType = wrapper.xcdatamodel; path = AfishaLviv.xcdatamodel; sourceTree = "<group>"; };
		7F3667901722B9BD00E7BCF4 /* Default-568h@2x.png */ = {isa = PBXFileReference; lastKnownFileType = image.png; path = "Default-568h@2x.png"; sourceTree = "<group>"; };
		7F8D9BBF1722BD9C00EE5D7C /* ALDataManager.h */ = {isa = PBXFileReference; fileEncoding = 4; lastKnownFileType = sourcecode.c.h; name = ALDataManager.h; path = Models/ALDataManager.h; sourceTree = "<group>"; };
		7F8D9BC01722BD9C00EE5D7C /* ALDataManager.m */ = {isa = PBXFileReference; fileEncoding = 4; lastKnownFileType = sourcecode.c.objc; name = ALDataManager.m; path = Models/ALDataManager.m; sourceTree = "<group>"; };
		7FAABC0315251C1C00C9987A /* MapKit.framework */ = {isa = PBXFileReference; lastKnownFileType = wrapper.framework; name = MapKit.framework; path = System/Library/Frameworks/MapKit.framework; sourceTree = SDKROOT; };
		7FBC8650176CFCF00037DD52 /* ALViewController.h */ = {isa = PBXFileReference; fileEncoding = 4; lastKnownFileType = sourcecode.c.h; name = ALViewController.h; path = Controllers/ALViewController.h; sourceTree = "<group>"; };
		7FBC8651176CFCF00037DD52 /* ALViewController.m */ = {isa = PBXFileReference; fileEncoding = 4; lastKnownFileType = sourcecode.c.objc; name = ALViewController.m; path = Controllers/ALViewController.m; sourceTree = "<group>"; };
		7FBC8653176CFD7B0037DD52 /* ALEventsMenuViewController.xib */ = {isa = PBXFileReference; fileEncoding = 4; lastKnownFileType = file.xib; path = ALEventsMenuViewController.xib; sourceTree = "<group>"; };
		7FBC8657176D037C0037DD52 /* ALHTTPClient.h */ = {isa = PBXFileReference; fileEncoding = 4; lastKnownFileType = sourcecode.c.h; name = ALHTTPClient.h; path = Models/ALHTTPClient.h; sourceTree = "<group>"; };
		7FBC8658176D037C0037DD52 /* ALHTTPClient.m */ = {isa = PBXFileReference; fileEncoding = 4; lastKnownFileType = sourcecode.c.objc; name = ALHTTPClient.m; path = Models/ALHTTPClient.m; sourceTree = "<group>"; };
		7FC0E5D2152F66270077253F /* Twitter.framework */ = {isa = PBXFileReference; lastKnownFileType = wrapper.framework; name = Twitter.framework; path = System/Library/Frameworks/Twitter.framework; sourceTree = SDKROOT; };
		7FC0E5D5152F6AB00077253F /* EventKit.framework */ = {isa = PBXFileReference; lastKnownFileType = wrapper.framework; name = EventKit.framework; path = System/Library/Frameworks/EventKit.framework; sourceTree = SDKROOT; };
		7FC0E5DF152F6D1F0077253F /* EventKitUI.framework */ = {isa = PBXFileReference; lastKnownFileType = wrapper.framework; name = EventKitUI.framework; path = System/Library/Frameworks/EventKitUI.framework; sourceTree = SDKROOT; };
		7FD4FE94158E17F9009C85BB /* ImageIO.framework */ = {isa = PBXFileReference; lastKnownFileType = wrapper.framework; name = ImageIO.framework; path = System/Library/Frameworks/ImageIO.framework; sourceTree = SDKROOT; };
		7FD5DD641517EE5100E919FA /* AfishaLviv.app */ = {isa = PBXFileReference; explicitFileType = wrapper.application; includeInIndex = 0; path = AfishaLviv.app; sourceTree = BUILT_PRODUCTS_DIR; };
		7FD5DD681517EE5200E919FA /* UIKit.framework */ = {isa = PBXFileReference; lastKnownFileType = wrapper.framework; name = UIKit.framework; path = System/Library/Frameworks/UIKit.framework; sourceTree = SDKROOT; };
		7FD5DD6A1517EE5200E919FA /* Foundation.framework */ = {isa = PBXFileReference; lastKnownFileType = wrapper.framework; name = Foundation.framework; path = System/Library/Frameworks/Foundation.framework; sourceTree = SDKROOT; };
		7FD5DD6C1517EE5200E919FA /* CoreGraphics.framework */ = {isa = PBXFileReference; lastKnownFileType = wrapper.framework; name = CoreGraphics.framework; path = System/Library/Frameworks/CoreGraphics.framework; sourceTree = SDKROOT; };
		7FD5DD6E1517EE5200E919FA /* CoreData.framework */ = {isa = PBXFileReference; lastKnownFileType = wrapper.framework; name = CoreData.framework; path = System/Library/Frameworks/CoreData.framework; sourceTree = SDKROOT; };
		7FD5DD721517EE5200E919FA /* AfishaLviv-Info.plist */ = {isa = PBXFileReference; lastKnownFileType = text.plist.xml; path = "AfishaLviv-Info.plist"; sourceTree = "<group>"; };
		7FD5DD761517EE5200E919FA /* main.m */ = {isa = PBXFileReference; lastKnownFileType = sourcecode.c.objc; path = main.m; sourceTree = "<group>"; };
		7FD5DD781517EE5200E919FA /* AfishaLviv-Prefix.pch */ = {isa = PBXFileReference; lastKnownFileType = sourcecode.c.h; path = "AfishaLviv-Prefix.pch"; sourceTree = "<group>"; };
		7FD5DD791517EE5200E919FA /* ALAppDelegate.h */ = {isa = PBXFileReference; lastKnownFileType = sourcecode.c.h; path = ALAppDelegate.h; sourceTree = "<group>"; };
		7FD5DD7A1517EE5200E919FA /* ALAppDelegate.m */ = {isa = PBXFileReference; lastKnownFileType = sourcecode.c.objc; path = ALAppDelegate.m; sourceTree = "<group>"; };
		7FE8E32B176E7D3F0034E9C9 /* ALDatePickerView.h */ = {isa = PBXFileReference; fileEncoding = 4; lastKnownFileType = sourcecode.c.h; name = ALDatePickerView.h; path = AfishaLviv/Views/ALDatePickerView.h; sourceTree = SOURCE_ROOT; };
		7FE8E32C176E7D3F0034E9C9 /* ALDatePickerView.m */ = {isa = PBXFileReference; fileEncoding = 4; lastKnownFileType = sourcecode.c.objc; name = ALDatePickerView.m; path = AfishaLviv/Views/ALDatePickerView.m; sourceTree = SOURCE_ROOT; };
		7FE8E332176E86CA0034E9C9 /* libTestFlight.a */ = {isa = PBXFileReference; lastKnownFileType = archive.ar; path = libTestFlight.a; sourceTree = "<group>"; };
		7FE8E333176E86CA0034E9C9 /* README.md */ = {isa = PBXFileReference; fileEncoding = 4; lastKnownFileType = text; path = README.md; sourceTree = "<group>"; };
		7FE8E334176E86CA0034E9C9 /* release_notes.md */ = {isa = PBXFileReference; fileEncoding = 4; lastKnownFileType = text; path = release_notes.md; sourceTree = "<group>"; };
		7FE8E335176E86CA0034E9C9 /* TestFlight.h */ = {isa = PBXFileReference; fileEncoding = 4; lastKnownFileType = sourcecode.c.h; path = TestFlight.h; sourceTree = "<group>"; };
		7FE8E33B176E87640034E9C9 /* libz.dylib */ = {isa = PBXFileReference; lastKnownFileType = "compiled.mach-o.dylib"; name = libz.dylib; path = usr/lib/libz.dylib; sourceTree = SDKROOT; };
		7FF85BD6153E3BE5001EA4D5 /* en */ = {isa = PBXFileReference; lastKnownFileType = text.plist.strings; name = en; path = en.lproj/Localizable.strings; sourceTree = "<group>"; };
		7FF85BD8153E3BE9001EA4D5 /* ru */ = {isa = PBXFileReference; lastKnownFileType = text.plist.strings; name = ru; path = ru.lproj/Localizable.strings; sourceTree = "<group>"; };
		7FF85BD9153E3BE9001EA4D5 /* uk */ = {isa = PBXFileReference; lastKnownFileType = text.plist.strings; name = uk; path = uk.lproj/Localizable.strings; sourceTree = "<group>"; };
/* End PBXFileReference section */

/* Begin PBXFrameworksBuildPhase section */
		7FD5DD611517EE5100E919FA /* Frameworks */ = {
			isa = PBXFrameworksBuildPhase;
			buildActionMask = 2147483647;
			files = (
				7FE8E33C176E87640034E9C9 /* libz.dylib in Frameworks */,
				7F0E3621176E37B500D09E1A /* MobileCoreServices.framework in Frameworks */,
				7F0E361F176E37AF00D09E1A /* SystemConfiguration.framework in Frameworks */,
				7FD4FE95158E17F9009C85BB /* ImageIO.framework in Frameworks */,
				7FC0E5E0152F6D1F0077253F /* EventKitUI.framework in Frameworks */,
				7FC0E5D6152F6AB00077253F /* EventKit.framework in Frameworks */,
				7FC0E5D3152F66270077253F /* Twitter.framework in Frameworks */,
				7FAABC0415251C1C00C9987A /* MapKit.framework in Frameworks */,
				7FD5DD691517EE5200E919FA /* UIKit.framework in Frameworks */,
				7FD5DD6B1517EE5200E919FA /* Foundation.framework in Frameworks */,
				7FD5DD6D1517EE5200E919FA /* CoreGraphics.framework in Frameworks */,
				7FD5DD6F1517EE5200E919FA /* CoreData.framework in Frameworks */,
				392EED3FF3234458B5D84DFF /* libPods.a in Frameworks */,
				7FE8E336176E86CA0034E9C9 /* libTestFlight.a in Frameworks */,
			);
			runOnlyForDeploymentPostprocessing = 0;
		};
/* End PBXFrameworksBuildPhase section */

/* Begin PBXGroup section */
		7F1E60EE151E3BE600354A2F /* Controlles */ = {
			isa = PBXGroup;
			children = (
				7FBC8650176CFCF00037DD52 /* ALViewController.h */,
				7FBC8651176CFCF00037DD52 /* ALViewController.m */,
				7FBC8655176D01B70037DD52 /* Events */,
				7FBC8656176D01C30037DD52 /* Places */,
			);
			name = Controlles;
			sourceTree = "<group>";
		};
		7F3666DC1722B6AB00E7BCF4 /* Images */ = {
			isa = PBXGroup;
			children = (
				7F0E3626176E51E600D09E1A /* camera-icon.png */,
				7F0E3627176E51E600D09E1A /* camera-icon@2x.png */,
				7F3666DD1722B6AB00E7BCF4 /* calendar-icon.png */,
				7F3666DE1722B6AB00E7BCF4 /* Defaults */,
				7F3666E31722B6AB00E7BCF4 /* Icons */,
			);
			name = Images;
			path = AfishaLviv/Resources/Images;
			sourceTree = "<group>";
		};
		7F3666DE1722B6AB00E7BCF4 /* Defaults */ = {
			isa = PBXGroup;
			children = (
				7F3666DF1722B6AB00E7BCF4 /* Default.png */,
				7F3666E01722B6AB00E7BCF4 /* Default@2x.png */,
				7F3667901722B9BD00E7BCF4 /* Default-568h@2x.png */,
				7F3666E11722B6AB00E7BCF4 /* Icon.png */,
				7F3666E21722B6AB00E7BCF4 /* Icon@2x.png */,
			);
			path = Defaults;
			sourceTree = "<group>";
		};
		7F3666E31722B6AB00E7BCF4 /* Icons */ = {
			isa = PBXGroup;
			children = (
				7F3666E41722B6AB00E7BCF4 /* 103-map.png */,
				7F3666E51722B6AB00E7BCF4 /* 114-balloon.png */,
				7F3666E61722B6AB00E7BCF4 /* 121-landscape.png */,
				7F3666E71722B6AB00E7BCF4 /* 124-bullhorn.png */,
				7F3666E81722B6AB00E7BCF4 /* 137-presentation.png */,
				7F3666E91722B6AB00E7BCF4 /* 144-martini.png */,
				7F3666EA1722B6AB00E7BCF4 /* 153-guitar.png */,
				7F3666EB1722B6AB00E7BCF4 /* 190-bank.png */,
				7F3666EC1722B6AB00E7BCF4 /* 191-collection.png */,
				7F3666ED1722B6AB00E7BCF4 /* 20-gear2.png */,
				7F3666EE1722B6AB00E7BCF4 /* 24-gift.png */,
				7F3666EF1722B6AB00E7BCF4 /* 28-star.png */,
				7F3666F01722B6AB00E7BCF4 /* 34-coffee.png */,
				7F3666F11722B6AB00E7BCF4 /* 41-picture-frame.png */,
				7F3666F21722B6AB00E7BCF4 /* 43-film-roll.png */,
				7F3666F31722B6AB00E7BCF4 /* 45-movie-1.png */,
				7F3666F41722B6AB00E7BCF4 /* 66-microphone.png */,
				7F3666F51722B6AB00E7BCF4 /* 70-tv.png */,
				7F3666F61722B6AB00E7BCF4 /* 83-calendar.png */,
				7F3666F71722B6AB00E7BCF4 /* 85-trophy.png */,
				7F3666F81722B6AB00E7BCF4 /* 86-camera.png */,
				7F3666F91722B6AB00E7BCF4 /* 88-beer-mug.png */,
				7F3666FA1722B6AB00E7BCF4 /* 98-palette.png */,
			);
			path = Icons;
			sourceTree = "<group>";
		};
		7F36671B1722B6C200E7BCF4 /* NIBs */ = {
			isa = PBXGroup;
			children = (
				7F36671C1722B6C200E7BCF4 /* ALEventCell.xib */,
				7F0E361C176E31E800D09E1A /* ALPlaceCell.xib */,
				7FBC8653176CFD7B0037DD52 /* ALEventsMenuViewController.xib */,
				7F36671F1722B6F100E7BCF4 /* ALEventsViewController.xib */,
				7F0E3614176E251600D09E1A /* ALEventInfoViewController.xib */,
				7F0E3616176E2E0100D09E1A /* ALPlaceInfoViewController.xib */,
				7F0E3617176E2E0100D09E1A /* ALPlacesMenuViewController.xib */,
				7F0E3618176E2E0100D09E1A /* ALPlacesViewController.xib */,
			);
			name = NIBs;
			path = AfishaLviv/Resources/NIBs;
			sourceTree = "<group>";
		};
		7F3667441722B82F00E7BCF4 /* PlaceAnnotation */ = {
			isa = PBXGroup;
			children = (
				7F3667451722B82F00E7BCF4 /* ALPlaceAnnotation.h */,
				7F3667461722B82F00E7BCF4 /* ALPlaceAnnotation.m */,
			);
			name = PlaceAnnotation;
			path = Models/PlaceAnnotation;
			sourceTree = "<group>";
		};
		7FBC6523151B8057002A87CE /* Resources */ = {
			isa = PBXGroup;
			children = (
				7F36671B1722B6C200E7BCF4 /* NIBs */,
				7F3666DC1722B6AB00E7BCF4 /* Images */,
			);
			name = Resources;
			path = ..;
			sourceTree = "<group>";
		};
		7FBC8655176D01B70037DD52 /* Events */ = {
			isa = PBXGroup;
			children = (
				7F3667281722B80600E7BCF4 /* ALEventsMenuViewController.h */,
				7F3667291722B80600E7BCF4 /* ALEventsMenuViewController.m */,
				7F36672C1722B80600E7BCF4 /* ALEventsViewController.h */,
				7F36672D1722B80600E7BCF4 /* ALEventsViewController.m */,
				7F3667261722B80600E7BCF4 /* ALEventInfoViewController.h */,
				7F3667271722B80600E7BCF4 /* ALEventInfoViewController.m */,
			);
			name = Events;
			sourceTree = "<group>";
		};
		7FBC8656176D01C30037DD52 /* Places */ = {
			isa = PBXGroup;
			children = (
				7F3667301722B80600E7BCF4 /* ALPlacesMenuViewController.h */,
				7F3667311722B80600E7BCF4 /* ALPlacesMenuViewController.m */,
				7F3667321722B80600E7BCF4 /* ALPlacesViewController.h */,
				7F3667331722B80600E7BCF4 /* ALPlacesViewController.m */,
				7F36672E1722B80600E7BCF4 /* ALPlaceInfoViewController.h */,
				7F36672F1722B80600E7BCF4 /* ALPlaceInfoViewController.m */,
			);
			name = Places;
			sourceTree = "<group>";
		};
		7FD5DD591517EE5100E919FA = {
			isa = PBXGroup;
			children = (
				7FD5DD701517EE5200E919FA /* AfishaLviv */,
				7FD5DD671517EE5200E919FA /* Frameworks */,
				7FD5DD651517EE5100E919FA /* Products */,
				12AC591DD4BB4C6DBA9C508E /* Pods.xcconfig */,
			);
			sourceTree = "<group>";
		};
		7FD5DD651517EE5100E919FA /* Products */ = {
			isa = PBXGroup;
			children = (
				7FD5DD641517EE5100E919FA /* AfishaLviv.app */,
			);
			name = Products;
			sourceTree = "<group>";
		};
		7FD5DD671517EE5200E919FA /* Frameworks */ = {
			isa = PBXGroup;
			children = (
				7FE8E33B176E87640034E9C9 /* libz.dylib */,
				7FE8E331176E86CA0034E9C9 /* TestFlightSDK1.2.6 */,
				7F0E3620176E37B500D09E1A /* MobileCoreServices.framework */,
				7F0E361E176E37AF00D09E1A /* SystemConfiguration.framework */,
				7FD4FE94158E17F9009C85BB /* ImageIO.framework */,
				7FC0E5DF152F6D1F0077253F /* EventKitUI.framework */,
				7FC0E5D5152F6AB00077253F /* EventKit.framework */,
				7FC0E5D2152F66270077253F /* Twitter.framework */,
				7FAABC0315251C1C00C9987A /* MapKit.framework */,
				7FD5DD681517EE5200E919FA /* UIKit.framework */,
				7FD5DD6A1517EE5200E919FA /* Foundation.framework */,
				7FD5DD6C1517EE5200E919FA /* CoreGraphics.framework */,
				7FD5DD6E1517EE5200E919FA /* CoreData.framework */,
				23644B7328FE4C17B91CD2EF /* libPods.a */,
			);
			name = Frameworks;
			sourceTree = "<group>";
		};
		7FD5DD701517EE5200E919FA /* AfishaLviv */ = {
			isa = PBXGroup;
			children = (
				7FD5DD791517EE5200E919FA /* ALAppDelegate.h */,
				7FD5DD7A1517EE5200E919FA /* ALAppDelegate.m */,
				7FD5DD911517EEC400E919FA /* Models */,
				7FE8E32E176E7D4A0034E9C9 /* Views */,
				7F1E60EE151E3BE600354A2F /* Controlles */,
				7FBC6523151B8057002A87CE /* Resources */,
				7FD5DD711517EE5200E919FA /* Supporting Files */,
			);
			path = AfishaLviv;
			sourceTree = "<group>";
		};
		7FD5DD711517EE5200E919FA /* Supporting Files */ = {
			isa = PBXGroup;
			children = (
				7FF85BD5153E3BE5001EA4D5 /* Localizable.strings */,
				7FD5DD721517EE5200E919FA /* AfishaLviv-Info.plist */,
				7FD5DD761517EE5200E919FA /* main.m */,
				7FD5DD781517EE5200E919FA /* AfishaLviv-Prefix.pch */,
			);
			name = "Supporting Files";
			sourceTree = "<group>";
		};
		7FD5DD8C1517EE9000E919FA /* CoreDate */ = {
			isa = PBXGroup;
			children = (
				7F36678D1722B8CD00E7BCF4 /* AfishaLviv.xcdatamodeld */,
				7F36674A1722B84500E7BCF4 /* ALEvent.h */,
				7F36674B1722B84500E7BCF4 /* ALEvent.m */,
				7F36674E1722B84500E7BCF4 /* ALEventInfo.h */,
				7F36674F1722B84500E7BCF4 /* ALEventInfo.m */,
				7F3667521722B84500E7BCF4 /* ALPlace.h */,
				7F3667531722B84500E7BCF4 /* ALPlace.m */,
				7F3667561722B84500E7BCF4 /* ALPlaceInfo.h */,
				7F3667571722B84500E7BCF4 /* ALPlaceInfo.m */,
			);
			name = CoreDate;
			sourceTree = "<group>";
		};
		7FD5DD911517EEC400E919FA /* Models */ = {
			isa = PBXGroup;
			children = (
				7F3667441722B82F00E7BCF4 /* PlaceAnnotation */,
				7FBC8657176D037C0037DD52 /* ALHTTPClient.h */,
				7FBC8658176D037C0037DD52 /* ALHTTPClient.m */,
				7F8D9BBF1722BD9C00EE5D7C /* ALDataManager.h */,
				7F8D9BC01722BD9C00EE5D7C /* ALDataManager.m */,
				7FD5DD8C1517EE9000E919FA /* CoreDate */,
				7F0E362A176E525B00D09E1A /* ALResourceLoader.h */,
				7F0E362B176E525B00D09E1A /* ALResourceLoader.m */,
			);
			name = Models;
			sourceTree = "<group>";
		};
		7FE8E32E176E7D4A0034E9C9 /* Views */ = {
			isa = PBXGroup;
			children = (
				7FE8E32B176E7D3F0034E9C9 /* ALDatePickerView.h */,
				7FE8E32C176E7D3F0034E9C9 /* ALDatePickerView.m */,
			);
			name = Views;
			path = Resources/NIBs;
			sourceTree = "<group>";
		};
		7FE8E331176E86CA0034E9C9 /* TestFlightSDK1.2.6 */ = {
			isa = PBXGroup;
			children = (
				7FE8E332176E86CA0034E9C9 /* libTestFlight.a */,
				7FE8E333176E86CA0034E9C9 /* README.md */,
				7FE8E334176E86CA0034E9C9 /* release_notes.md */,
				7FE8E335176E86CA0034E9C9 /* TestFlight.h */,
			);
			name = TestFlightSDK1.2.6;
			path = Thirdparty/TestFlightSDK1.2.6;
			sourceTree = "<group>";
		};
/* End PBXGroup section */

/* Begin PBXNativeTarget section */
		7FD5DD631517EE5100E919FA /* AfishaLviv */ = {
			isa = PBXNativeTarget;
			buildConfigurationList = 7FD5DD811517EE5200E919FA /* Build configuration list for PBXNativeTarget "AfishaLviv" */;
			buildPhases = (
				512457CF8FA34B5EAE02CC3E /* Check Pods Manifest.lock */,
				7FD5DD601517EE5100E919FA /* Sources */,
				7FD5DD611517EE5100E919FA /* Frameworks */,
				7FD5DD621517EE5100E919FA /* Resources */,
				8EC04B44E53E4E9EB86E2327 /* Copy Pods Resources */,
			);
			buildRules = (
			);
			dependencies = (
			);
			name = AfishaLviv;
			productName = AfishaLviv;
			productReference = 7FD5DD641517EE5100E919FA /* AfishaLviv.app */;
			productType = "com.apple.product-type.application";
		};
/* End PBXNativeTarget section */

/* Begin PBXProject section */
		7FD5DD5B1517EE5100E919FA /* Project object */ = {
			isa = PBXProject;
			attributes = {
				CLASSPREFIX = AL;
				LastUpgradeCheck = 0500;
			};
			buildConfigurationList = 7FD5DD5E1517EE5100E919FA /* Build configuration list for PBXProject "AfishaLviv" */;
			compatibilityVersion = "Xcode 3.2";
			developmentRegion = English;
			hasScannedForEncodings = 0;
			knownRegions = (
				en,
				ru,
				uk,
			);
			mainGroup = 7FD5DD591517EE5100E919FA;
			productRefGroup = 7FD5DD651517EE5100E919FA /* Products */;
			projectDirPath = "";
			projectRoot = "";
			targets = (
				7FD5DD631517EE5100E919FA /* AfishaLviv */,
			);
		};
/* End PBXProject section */

/* Begin PBXResourcesBuildPhase section */
		7FD5DD621517EE5100E919FA /* Resources */ = {
			isa = PBXResourcesBuildPhase;
			buildActionMask = 2147483647;
			files = (
				7FF85BD7153E3BE5001EA4D5 /* Localizable.strings in Resources */,
				7F3666FD1722B6AB00E7BCF4 /* calendar-icon.png in Resources */,
				7F3666FE1722B6AB00E7BCF4 /* Default.png in Resources */,
				7F3666FF1722B6AB00E7BCF4 /* Default@2x.png in Resources */,
				7F3667001722B6AB00E7BCF4 /* Icon.png in Resources */,
				7F3667011722B6AB00E7BCF4 /* Icon@2x.png in Resources */,
				7F3667021722B6AB00E7BCF4 /* 103-map.png in Resources */,
				7F3667031722B6AB00E7BCF4 /* 114-balloon.png in Resources */,
				7F3667041722B6AB00E7BCF4 /* 121-landscape.png in Resources */,
				7F3667051722B6AB00E7BCF4 /* 124-bullhorn.png in Resources */,
				7F3667061722B6AB00E7BCF4 /* 137-presentation.png in Resources */,
				7F3667071722B6AB00E7BCF4 /* 144-martini.png in Resources */,
				7F3667081722B6AB00E7BCF4 /* 153-guitar.png in Resources */,
				7F3667091722B6AB00E7BCF4 /* 190-bank.png in Resources */,
				7F36670A1722B6AB00E7BCF4 /* 191-collection.png in Resources */,
				7F36670B1722B6AB00E7BCF4 /* 20-gear2.png in Resources */,
				7F36670C1722B6AB00E7BCF4 /* 24-gift.png in Resources */,
				7F36670D1722B6AB00E7BCF4 /* 28-star.png in Resources */,
				7F36670E1722B6AB00E7BCF4 /* 34-coffee.png in Resources */,
				7F36670F1722B6AB00E7BCF4 /* 41-picture-frame.png in Resources */,
				7F3667101722B6AB00E7BCF4 /* 43-film-roll.png in Resources */,
				7F3667111722B6AB00E7BCF4 /* 45-movie-1.png in Resources */,
				7F3667121722B6AB00E7BCF4 /* 66-microphone.png in Resources */,
				7F3667131722B6AB00E7BCF4 /* 70-tv.png in Resources */,
				7F3667141722B6AB00E7BCF4 /* 83-calendar.png in Resources */,
				7F3667151722B6AB00E7BCF4 /* 85-trophy.png in Resources */,
				7F3667161722B6AB00E7BCF4 /* 86-camera.png in Resources */,
				7F3667171722B6AB00E7BCF4 /* 88-beer-mug.png in Resources */,
				7F3667181722B6AB00E7BCF4 /* 98-palette.png in Resources */,
				7F36671D1722B6C200E7BCF4 /* ALEventCell.xib in Resources */,
				7F3667211722B6F100E7BCF4 /* ALEventsViewController.xib in Resources */,
				7F3667911722B9BD00E7BCF4 /* Default-568h@2x.png in Resources */,
				7FBC8654176CFD7B0037DD52 /* ALEventsMenuViewController.xib in Resources */,
				7F0E3615176E251600D09E1A /* ALEventInfoViewController.xib in Resources */,
				7F0E3619176E2E0100D09E1A /* ALPlaceInfoViewController.xib in Resources */,
				7F0E361A176E2E0100D09E1A /* ALPlacesMenuViewController.xib in Resources */,
				7F0E361B176E2E0100D09E1A /* ALPlacesViewController.xib in Resources */,
				7F0E361D176E31E800D09E1A /* ALPlaceCell.xib in Resources */,
				7F0E3628176E51E600D09E1A /* camera-icon.png in Resources */,
				7F0E3629176E51E600D09E1A /* camera-icon@2x.png in Resources */,
				7FE8E337176E86CB0034E9C9 /* README.md in Resources */,
				7FE8E338176E86CB0034E9C9 /* release_notes.md in Resources */,
			);
			runOnlyForDeploymentPostprocessing = 0;
		};
/* End PBXResourcesBuildPhase section */

/* Begin PBXShellScriptBuildPhase section */
		512457CF8FA34B5EAE02CC3E /* Check Pods Manifest.lock */ = {
			isa = PBXShellScriptBuildPhase;
			buildActionMask = 2147483647;
			files = (
			);
			inputPaths = (
			);
			name = "Check Pods Manifest.lock";
			outputPaths = (
			);
			runOnlyForDeploymentPostprocessing = 0;
			shellPath = /bin/sh;
			shellScript = "diff \"${PODS_ROOT}/../Podfile.lock\" \"${PODS_ROOT}/Manifest.lock\" > /dev/null\nif [[ $? != 0 ]] ; then\n    cat << EOM\nerror: The sanbox is not in sync with the Podfile.lock. Run 'pod install'.\nEOM\n    exit 1\nfi\n";
		};
		8EC04B44E53E4E9EB86E2327 /* Copy Pods Resources */ = {
			isa = PBXShellScriptBuildPhase;
			buildActionMask = 2147483647;
			files = (
			);
			inputPaths = (
			);
			name = "Copy Pods Resources";
			outputPaths = (
			);
			runOnlyForDeploymentPostprocessing = 0;
			shellPath = /bin/sh;
			shellScript = "\"${SRCROOT}/Pods/Pods-resources.sh\"\n";
		};
/* End PBXShellScriptBuildPhase section */

/* Begin PBXSourcesBuildPhase section */
		7FD5DD601517EE5100E919FA /* Sources */ = {
			isa = PBXSourcesBuildPhase;
			buildActionMask = 2147483647;
			files = (
				7FD5DD771517EE5200E919FA /* main.m in Sources */,
				7FD5DD7B1517EE5200E919FA /* ALAppDelegate.m in Sources */,
				7F3667381722B80700E7BCF4 /* ALEventInfoViewController.m in Sources */,
				7F3667391722B80700E7BCF4 /* ALEventsMenuViewController.m in Sources */,
				7F36673B1722B80700E7BCF4 /* ALEventsViewController.m in Sources */,
				7F36673C1722B80700E7BCF4 /* ALPlaceInfoViewController.m in Sources */,
				7F36673D1722B80700E7BCF4 /* ALPlacesMenuViewController.m in Sources */,
				7F36673E1722B80700E7BCF4 /* ALPlacesViewController.m in Sources */,
				7F3667491722B82F00E7BCF4 /* ALPlaceAnnotation.m in Sources */,
				7F36675A1722B84500E7BCF4 /* ALEvent.m in Sources */,
				7F36675C1722B84500E7BCF4 /* ALEventInfo.m in Sources */,
				7F36675E1722B84500E7BCF4 /* ALPlace.m in Sources */,
				7F3667601722B84500E7BCF4 /* ALPlaceInfo.m in Sources */,
				7F36678F1722B8CD00E7BCF4 /* AfishaLviv.xcdatamodeld in Sources */,
				7F8D9BC11722BD9C00EE5D7C /* ALDataManager.m in Sources */,
				7FBC8652176CFCF00037DD52 /* ALViewController.m in Sources */,
				7FBC8659176D037C0037DD52 /* ALHTTPClient.m in Sources */,
				7F0E362C176E525C00D09E1A /* ALResourceLoader.m in Sources */,
				7FE8E32D176E7D3F0034E9C9 /* ALDatePickerView.m in Sources */,
			);
			runOnlyForDeploymentPostprocessing = 0;
		};
/* End PBXSourcesBuildPhase section */

/* Begin PBXVariantGroup section */
		7FF85BD5153E3BE5001EA4D5 /* Localizable.strings */ = {
			isa = PBXVariantGroup;
			children = (
				7FF85BD6153E3BE5001EA4D5 /* en */,
				7FF85BD8153E3BE9001EA4D5 /* ru */,
				7FF85BD9153E3BE9001EA4D5 /* uk */,
			);
			name = Localizable.strings;
			sourceTree = "<group>";
		};
/* End PBXVariantGroup section */

/* Begin XCBuildConfiguration section */
		7FD5DD7F1517EE5200E919FA /* Debug */ = {
			isa = XCBuildConfiguration;
			buildSettings = {
				ALWAYS_SEARCH_USER_PATHS = NO;
				CLANG_ENABLE_OBJC_ARC = YES;
				CLANG_WARN_BOOL_CONVERSION = YES;
				CLANG_WARN_CONSTANT_CONVERSION = YES;
				CLANG_WARN_EMPTY_BODY = YES;
				CLANG_WARN_ENUM_CONVERSION = YES;
				CLANG_WARN_INT_CONVERSION = YES;
				CLANG_WARN__DUPLICATE_METHOD_MATCH = YES;
				CODE_SIGN_ENTITLEMENTS = "";
				CODE_SIGN_IDENTITY = "iPhone Developer";
				"CODE_SIGN_IDENTITY[sdk=iphoneos*]" = "iPhone Developer: Danylo Kostyshyn (2H792BT2J7)";
				COPY_PHASE_STRIP = NO;
				GCC_C_LANGUAGE_STANDARD = gnu99;
				GCC_DYNAMIC_NO_PIC = NO;
				GCC_OPTIMIZATION_LEVEL = 0;
				GCC_PREPROCESSOR_DEFINITIONS = (
					"DEBUG=1",
					"$(inherited)",
				);
				GCC_SYMBOLS_PRIVATE_EXTERN = NO;
				GCC_THUMB_SUPPORT = NO;
				GCC_VERSION = com.apple.compilers.llvm.clang.1_0;
				GCC_WARN_64_TO_32_BIT_CONVERSION = YES;
				GCC_WARN_ABOUT_RETURN_TYPE = YES;
				GCC_WARN_UNDECLARED_SELECTOR = YES;
				GCC_WARN_UNINITIALIZED_AUTOS = YES;
				GCC_WARN_UNUSED_FUNCTION = YES;
				GCC_WARN_UNUSED_VARIABLE = YES;
				HEADER_SEARCH_PATHS = "/Users/danylokostyshyn/Developer/github/json-framework/**";
				IPHONEOS_DEPLOYMENT_TARGET = 6.0;
				ONLY_ACTIVE_ARCH = YES;
				PROVISIONING_PROFILE = "";
				"PROVISIONING_PROFILE[sdk=iphoneos*]" = "C8D4824E-E1E0-4879-A944-6161042775A8";
				SDKROOT = iphoneos;
				VALID_ARCHS = "armv7 armv7s";
			};
			name = Debug;
		};
		7FD5DD801517EE5200E919FA /* Release */ = {
			isa = XCBuildConfiguration;
			buildSettings = {
				ALWAYS_SEARCH_USER_PATHS = NO;
				CLANG_ENABLE_OBJC_ARC = YES;
				CLANG_WARN_BOOL_CONVERSION = YES;
				CLANG_WARN_CONSTANT_CONVERSION = YES;
				CLANG_WARN_EMPTY_BODY = YES;
				CLANG_WARN_ENUM_CONVERSION = YES;
				CLANG_WARN_INT_CONVERSION = YES;
				CLANG_WARN__DUPLICATE_METHOD_MATCH = YES;
				CODE_SIGN_ENTITLEMENTS = "";
				CODE_SIGN_IDENTITY = "iPhone Developer";
				"CODE_SIGN_IDENTITY[sdk=iphoneos*]" = "iPhone Developer: Danylo Kostyshyn (2H792BT2J7)";
				COPY_PHASE_STRIP = YES;
				GCC_C_LANGUAGE_STANDARD = gnu99;
				GCC_THUMB_SUPPORT = NO;
				GCC_VERSION = com.apple.compilers.llvm.clang.1_0;
				GCC_WARN_64_TO_32_BIT_CONVERSION = YES;
				GCC_WARN_ABOUT_RETURN_TYPE = YES;
				GCC_WARN_UNDECLARED_SELECTOR = YES;
				GCC_WARN_UNINITIALIZED_AUTOS = YES;
				GCC_WARN_UNUSED_FUNCTION = YES;
				GCC_WARN_UNUSED_VARIABLE = YES;
				HEADER_SEARCH_PATHS = "/Users/danylokostyshyn/Developer/github/json-framework/**";
				IPHONEOS_DEPLOYMENT_TARGET = 6.0;
				ONLY_ACTIVE_ARCH = NO;
				OTHER_CFLAGS = "-DNS_BLOCK_ASSERTIONS=1";
				PROVISIONING_PROFILE = "";
				"PROVISIONING_PROFILE[sdk=iphoneos*]" = "C8D4824E-E1E0-4879-A944-6161042775A8";
				SDKROOT = iphoneos;
				VALIDATE_PRODUCT = YES;
				VALID_ARCHS = "armv7 armv7s";
			};
			name = Release;
		};
		7FD5DD821517EE5200E919FA /* Debug */ = {
			isa = XCBuildConfiguration;
			baseConfigurationReference = 12AC591DD4BB4C6DBA9C508E /* Pods.xcconfig */;
			buildSettings = {
				CODE_SIGN_IDENTITY = "iPhone Developer";
				GCC_PRECOMPILE_PREFIX_HEADER = YES;
				GCC_PREFIX_HEADER = "AfishaLviv/AfishaLviv-Prefix.pch";
				GCC_THUMB_SUPPORT = NO;
				INFOPLIST_FILE = "AfishaLviv/AfishaLviv-Info.plist";
				IPHONEOS_DEPLOYMENT_TARGET = 6.0;
				LIBRARY_SEARCH_PATHS = (
					"$(inherited)",
					"\"$(SRCROOT)/Thirdparty/TestFlightSDK1.2.6\"",
				);
				PRODUCT_NAME = "$(TARGET_NAME)";
				PROVISIONING_PROFILE = "";
				VALID_ARCHS = "armv7 armv7s";
				WRAPPER_EXTENSION = app;
			};
			name = Debug;
		};
		7FD5DD831517EE5200E919FA /* Release */ = {
			isa = XCBuildConfiguration;
			baseConfigurationReference = 12AC591DD4BB4C6DBA9C508E /* Pods.xcconfig */;
			buildSettings = {
				CODE_SIGN_IDENTITY = "iPhone Distribution: Danylo Kostyshyn (DBR2MMCRF5)";
				GCC_PRECOMPILE_PREFIX_HEADER = YES;
				GCC_PREFIX_HEADER = "AfishaLviv/AfishaLviv-Prefix.pch";
				GCC_THUMB_SUPPORT = NO;
				INFOPLIST_FILE = "AfishaLviv/AfishaLviv-Info.plist";
				IPHONEOS_DEPLOYMENT_TARGET = 6.0;
				LIBRARY_SEARCH_PATHS = (
					"$(inherited)",
					"\"$(SRCROOT)/Thirdparty/TestFlightSDK1.2.6\"",
				);
				PRODUCT_NAME = "$(TARGET_NAME)";
				PROVISIONING_PROFILE = "0C892EE4-6CB3-4C04-A197-08F1881A1E64";
				VALID_ARCHS = "armv7 armv7s";
				WRAPPER_EXTENSION = app;
			};
			name = Release;
		};
		7FE8E32F176E86530034E9C9 /* TestFlight */ = {
			isa = XCBuildConfiguration;
			buildSettings = {
				ALWAYS_SEARCH_USER_PATHS = NO;
				CLANG_ENABLE_OBJC_ARC = YES;
				CLANG_WARN_BOOL_CONVERSION = YES;
				CLANG_WARN_CONSTANT_CONVERSION = YES;
				CLANG_WARN_EMPTY_BODY = YES;
				CLANG_WARN_ENUM_CONVERSION = YES;
				CLANG_WARN_INT_CONVERSION = YES;
				CLANG_WARN__DUPLICATE_METHOD_MATCH = YES;
				CODE_SIGN_ENTITLEMENTS = "";
				CODE_SIGN_IDENTITY = "iPhone Developer";
				"CODE_SIGN_IDENTITY[sdk=iphoneos*]" = "iPhone Developer: Danylo Kostyshyn (2H792BT2J7)";
				COPY_PHASE_STRIP = YES;
				GCC_C_LANGUAGE_STANDARD = gnu99;
				GCC_PREPROCESSOR_DEFINITIONS = "TESTFLIGHT=1";
				GCC_THUMB_SUPPORT = NO;
				GCC_VERSION = com.apple.compilers.llvm.clang.1_0;
				GCC_WARN_64_TO_32_BIT_CONVERSION = YES;
				GCC_WARN_ABOUT_RETURN_TYPE = YES;
				GCC_WARN_UNDECLARED_SELECTOR = YES;
				GCC_WARN_UNINITIALIZED_AUTOS = YES;
				GCC_WARN_UNUSED_FUNCTION = YES;
				GCC_WARN_UNUSED_VARIABLE = YES;
				HEADER_SEARCH_PATHS = "/Users/danylokostyshyn/Developer/github/json-framework/**";
				IPHONEOS_DEPLOYMENT_TARGET = 6.0;
				ONLY_ACTIVE_ARCH = NO;
				OTHER_CFLAGS = "-DNS_BLOCK_ASSERTIONS=1";
				PROVISIONING_PROFILE = "";
				"PROVISIONING_PROFILE[sdk=iphoneos*]" = "C8D4824E-E1E0-4879-A944-6161042775A8";
				SDKROOT = iphoneos;
				VALIDATE_PRODUCT = YES;
				VALID_ARCHS = "armv7 armv7s";
			};
			name = TestFlight;
		};
		7FE8E330176E86530034E9C9 /* TestFlight */ = {
			isa = XCBuildConfiguration;
			baseConfigurationReference = 12AC591DD4BB4C6DBA9C508E /* Pods.xcconfig */;
			buildSettings = {
				CODE_SIGN_IDENTITY = "iPhone Distribution: Danylo Kostyshyn (DBR2MMCRF5)";
				GCC_PRECOMPILE_PREFIX_HEADER = YES;
				GCC_PREFIX_HEADER = "AfishaLviv/AfishaLviv-Prefix.pch";
				GCC_THUMB_SUPPORT = NO;
				INFOPLIST_FILE = "AfishaLviv/AfishaLviv-Info.plist";
				IPHONEOS_DEPLOYMENT_TARGET = 6.0;
				LIBRARY_SEARCH_PATHS = (
					"$(inherited)",
					"\"$(SRCROOT)/Thirdparty/TestFlightSDK1.2.6\"",
				);
				PRODUCT_NAME = "$(TARGET_NAME)";
				PROVISIONING_PROFILE = "0C892EE4-6CB3-4C04-A197-08F1881A1E64";
				VALID_ARCHS = "armv7 armv7s";
				WRAPPER_EXTENSION = app;
			};
			name = TestFlight;
		};
/* End XCBuildConfiguration section */

/* Begin XCConfigurationList section */
		7FD5DD5E1517EE5100E919FA /* Build configuration list for PBXProject "AfishaLviv" */ = {
			isa = XCConfigurationList;
			buildConfigurations = (
				7FD5DD7F1517EE5200E919FA /* Debug */,
				7FD5DD801517EE5200E919FA /* Release */,
				7FE8E32F176E86530034E9C9 /* TestFlight */,
			);
			defaultConfigurationIsVisible = 0;
			defaultConfigurationName = Release;
		};
		7FD5DD811517EE5200E919FA /* Build configuration list for PBXNativeTarget "AfishaLviv" */ = {
			isa = XCConfigurationList;
			buildConfigurations = (
				7FD5DD821517EE5200E919FA /* Debug */,
				7FD5DD831517EE5200E919FA /* Release */,
				7FE8E330176E86530034E9C9 /* TestFlight */,
			);
			defaultConfigurationIsVisible = 0;
			defaultConfigurationName = Release;
		};
/* End XCConfigurationList section */

/* Begin XCVersionGroup section */
		7F36678D1722B8CD00E7BCF4 /* AfishaLviv.xcdatamodeld */ = {
			isa = XCVersionGroup;
			children = (
				7F36678E1722B8CD00E7BCF4 /* AfishaLviv.xcdatamodel */,
			);
			currentVersion = 7F36678E1722B8CD00E7BCF4 /* AfishaLviv.xcdatamodel */;
			name = AfishaLviv.xcdatamodeld;
			path = CoreDate/AfishaLviv.xcdatamodeld;
			sourceTree = "<group>";
			versionGroupType = wrapper.xcdatamodel;
		};
/* End XCVersionGroup section */
	};
	rootObject = 7FD5DD5B1517EE5100E919FA /* Project object */;
}
