<?xml version="1.0" encoding="UTF-8"?>
<!DOCTYPE plist PUBLIC "-//Apple//DTD PLIST 1.0//EN" "http://www.apple.com/DTDs/PropertyList-1.0.dtd">
<plist version="1.0">
<dict>
	<key>archiveVersion</key>
	<string>1</string>
	<key>classes</key>
	<dict/>
	<key>objectVersion</key>
	<string>46</string>
	<key>objects</key>
	<dict>
		<key>12AC591DD4BB4C6DBA9C508E</key>
		<dict>
			<key>includeInIndex</key>
			<string>1</string>
			<key>isa</key>
			<string>PBXFileReference</string>
			<key>lastKnownFileType</key>
			<string>text.xcconfig</string>
			<key>name</key>
			<string>Pods.xcconfig</string>
			<key>path</key>
			<string>Pods/Pods.xcconfig</string>
			<key>sourceTree</key>
			<string>SOURCE_ROOT</string>
		</dict>
		<key>23644B7328FE4C17B91CD2EF</key>
		<dict>
			<key>explicitFileType</key>
			<string>archive.ar</string>
			<key>includeInIndex</key>
			<string>0</string>
			<key>isa</key>
			<string>PBXFileReference</string>
			<key>name</key>
			<string>libPods.a</string>
			<key>path</key>
			<string>libPods.a</string>
			<key>sourceTree</key>
			<string>BUILT_PRODUCTS_DIR</string>
		</dict>
		<key>392EED3FF3234458B5D84DFF</key>
		<dict>
			<key>fileRef</key>
			<string>23644B7328FE4C17B91CD2EF</string>
			<key>isa</key>
			<string>PBXBuildFile</string>
			<key>settings</key>
			<dict/>
		</dict>
		<key>512457CF8FA34B5EAE02CC3E</key>
		<dict>
			<key>buildActionMask</key>
			<string>2147483647</string>
			<key>files</key>
			<array/>
			<key>inputPaths</key>
			<array/>
			<key>isa</key>
			<string>PBXShellScriptBuildPhase</string>
			<key>name</key>
			<string>Check Pods Manifest.lock</string>
			<key>outputPaths</key>
			<array/>
			<key>runOnlyForDeploymentPostprocessing</key>
			<string>0</string>
			<key>shellPath</key>
			<string>/bin/sh</string>
			<key>shellScript</key>
			<string>diff "${PODS_ROOT}/../Podfile.lock" "${PODS_ROOT}/Manifest.lock" &gt; /dev/null
if [[ $? != 0 ]] ; then
    cat &lt;&lt; EOM
error: The sanbox is not in sync with the Podfile.lock. Run 'pod install'.
EOM
    exit 1
fi
</string>
			<key>showEnvVarsInLog</key>
			<string>1</string>
		</dict>
		<key>7F1E60EE151E3BE600354A2F</key>
		<dict>
			<key>children</key>
			<array>
				<string>7F3667221722B80600E7BCF4</string>
				<string>7F3667231722B80600E7BCF4</string>
				<string>7F3667241722B80600E7BCF4</string>
				<string>7F3667251722B80600E7BCF4</string>
				<string>7F3667261722B80600E7BCF4</string>
				<string>7F3667271722B80600E7BCF4</string>
				<string>7F3667281722B80600E7BCF4</string>
				<string>7F3667291722B80600E7BCF4</string>
				<string>7F36672A1722B80600E7BCF4</string>
				<string>7F36672B1722B80600E7BCF4</string>
				<string>7F36672C1722B80600E7BCF4</string>
				<string>7F36672D1722B80600E7BCF4</string>
				<string>7F36672E1722B80600E7BCF4</string>
				<string>7F36672F1722B80600E7BCF4</string>
				<string>7F3667301722B80600E7BCF4</string>
				<string>7F3667311722B80600E7BCF4</string>
				<string>7F3667321722B80600E7BCF4</string>
				<string>7F3667331722B80600E7BCF4</string>
				<string>7F3667341722B80600E7BCF4</string>
				<string>7F3667351722B80600E7BCF4</string>
			</array>
			<key>isa</key>
			<string>PBXGroup</string>
			<key>name</key>
			<string>Controlles</string>
			<key>sourceTree</key>
			<string>&lt;group&gt;</string>
		</dict>
		<key>7F3666DC1722B6AB00E7BCF4</key>
		<dict>
			<key>children</key>
			<array>
				<string>7F3666DD1722B6AB00E7BCF4</string>
				<string>7F3666DE1722B6AB00E7BCF4</string>
				<string>7F3666E31722B6AB00E7BCF4</string>
				<string>7F3666FB1722B6AB00E7BCF4</string>
				<string>7F3666FC1722B6AB00E7BCF4</string>
			</array>
			<key>isa</key>
			<string>PBXGroup</string>
			<key>name</key>
			<string>Images</string>
			<key>path</key>
			<string>AfishaLviv/Resources/Images</string>
			<key>sourceTree</key>
			<string>&lt;group&gt;</string>
		</dict>
		<key>7F3666DD1722B6AB00E7BCF4</key>
		<dict>
			<key>isa</key>
			<string>PBXFileReference</string>
			<key>lastKnownFileType</key>
			<string>image.png</string>
			<key>path</key>
			<string>calendar-icon.png</string>
			<key>sourceTree</key>
			<string>&lt;group&gt;</string>
		</dict>
		<key>7F3666DE1722B6AB00E7BCF4</key>
		<dict>
			<key>children</key>
			<array>
				<string>7F3666DF1722B6AB00E7BCF4</string>
				<string>7F3666E01722B6AB00E7BCF4</string>
				<string>7F3667901722B9BD00E7BCF4</string>
				<string>7F3666E11722B6AB00E7BCF4</string>
				<string>7F3666E21722B6AB00E7BCF4</string>
			</array>
			<key>isa</key>
			<string>PBXGroup</string>
			<key>path</key>
			<string>Defaults</string>
			<key>sourceTree</key>
			<string>&lt;group&gt;</string>
		</dict>
		<key>7F3666DF1722B6AB00E7BCF4</key>
		<dict>
			<key>isa</key>
			<string>PBXFileReference</string>
			<key>lastKnownFileType</key>
			<string>image.png</string>
			<key>path</key>
			<string>Default.png</string>
			<key>sourceTree</key>
			<string>&lt;group&gt;</string>
		</dict>
		<key>7F3666E01722B6AB00E7BCF4</key>
		<dict>
			<key>isa</key>
			<string>PBXFileReference</string>
			<key>lastKnownFileType</key>
			<string>image.png</string>
			<key>path</key>
			<string>Default@2x.png</string>
			<key>sourceTree</key>
			<string>&lt;group&gt;</string>
		</dict>
		<key>7F3666E11722B6AB00E7BCF4</key>
		<dict>
			<key>isa</key>
			<string>PBXFileReference</string>
			<key>lastKnownFileType</key>
			<string>image.png</string>
			<key>path</key>
			<string>Icon.png</string>
			<key>sourceTree</key>
			<string>&lt;group&gt;</string>
		</dict>
		<key>7F3666E21722B6AB00E7BCF4</key>
		<dict>
			<key>isa</key>
			<string>PBXFileReference</string>
			<key>lastKnownFileType</key>
			<string>image.png</string>
			<key>path</key>
			<string>Icon@2x.png</string>
			<key>sourceTree</key>
			<string>&lt;group&gt;</string>
		</dict>
		<key>7F3666E31722B6AB00E7BCF4</key>
		<dict>
			<key>children</key>
			<array>
				<string>7F3666E41722B6AB00E7BCF4</string>
				<string>7F3666E51722B6AB00E7BCF4</string>
				<string>7F3666E61722B6AB00E7BCF4</string>
				<string>7F3666E71722B6AB00E7BCF4</string>
				<string>7F3666E81722B6AB00E7BCF4</string>
				<string>7F3666E91722B6AB00E7BCF4</string>
				<string>7F3666EA1722B6AB00E7BCF4</string>
				<string>7F3666EB1722B6AB00E7BCF4</string>
				<string>7F3666EC1722B6AB00E7BCF4</string>
				<string>7F3666ED1722B6AB00E7BCF4</string>
				<string>7F3666EE1722B6AB00E7BCF4</string>
				<string>7F3666EF1722B6AB00E7BCF4</string>
				<string>7F3666F01722B6AB00E7BCF4</string>
				<string>7F3666F11722B6AB00E7BCF4</string>
				<string>7F3666F21722B6AB00E7BCF4</string>
				<string>7F3666F31722B6AB00E7BCF4</string>
				<string>7F3666F41722B6AB00E7BCF4</string>
				<string>7F3666F51722B6AB00E7BCF4</string>
				<string>7F3666F61722B6AB00E7BCF4</string>
				<string>7F3666F71722B6AB00E7BCF4</string>
				<string>7F3666F81722B6AB00E7BCF4</string>
				<string>7F3666F91722B6AB00E7BCF4</string>
				<string>7F3666FA1722B6AB00E7BCF4</string>
			</array>
			<key>isa</key>
			<string>PBXGroup</string>
			<key>path</key>
			<string>Icons</string>
			<key>sourceTree</key>
			<string>&lt;group&gt;</string>
		</dict>
		<key>7F3666E41722B6AB00E7BCF4</key>
		<dict>
			<key>isa</key>
			<string>PBXFileReference</string>
			<key>lastKnownFileType</key>
			<string>image.png</string>
			<key>path</key>
			<string>103-map.png</string>
			<key>sourceTree</key>
			<string>&lt;group&gt;</string>
		</dict>
		<key>7F3666E51722B6AB00E7BCF4</key>
		<dict>
			<key>isa</key>
			<string>PBXFileReference</string>
			<key>lastKnownFileType</key>
			<string>image.png</string>
			<key>path</key>
			<string>114-balloon.png</string>
			<key>sourceTree</key>
			<string>&lt;group&gt;</string>
		</dict>
		<key>7F3666E61722B6AB00E7BCF4</key>
		<dict>
			<key>isa</key>
			<string>PBXFileReference</string>
			<key>lastKnownFileType</key>
			<string>image.png</string>
			<key>path</key>
			<string>121-landscape.png</string>
			<key>sourceTree</key>
			<string>&lt;group&gt;</string>
		</dict>
		<key>7F3666E71722B6AB00E7BCF4</key>
		<dict>
			<key>isa</key>
			<string>PBXFileReference</string>
			<key>lastKnownFileType</key>
			<string>image.png</string>
			<key>path</key>
			<string>124-bullhorn.png</string>
			<key>sourceTree</key>
			<string>&lt;group&gt;</string>
		</dict>
		<key>7F3666E81722B6AB00E7BCF4</key>
		<dict>
			<key>isa</key>
			<string>PBXFileReference</string>
			<key>lastKnownFileType</key>
			<string>image.png</string>
			<key>path</key>
			<string>137-presentation.png</string>
			<key>sourceTree</key>
			<string>&lt;group&gt;</string>
		</dict>
		<key>7F3666E91722B6AB00E7BCF4</key>
		<dict>
			<key>isa</key>
			<string>PBXFileReference</string>
			<key>lastKnownFileType</key>
			<string>image.png</string>
			<key>path</key>
			<string>144-martini.png</string>
			<key>sourceTree</key>
			<string>&lt;group&gt;</string>
		</dict>
		<key>7F3666EA1722B6AB00E7BCF4</key>
		<dict>
			<key>isa</key>
			<string>PBXFileReference</string>
			<key>lastKnownFileType</key>
			<string>image.png</string>
			<key>path</key>
			<string>153-guitar.png</string>
			<key>sourceTree</key>
			<string>&lt;group&gt;</string>
		</dict>
		<key>7F3666EB1722B6AB00E7BCF4</key>
		<dict>
			<key>isa</key>
			<string>PBXFileReference</string>
			<key>lastKnownFileType</key>
			<string>image.png</string>
			<key>path</key>
			<string>190-bank.png</string>
			<key>sourceTree</key>
			<string>&lt;group&gt;</string>
		</dict>
		<key>7F3666EC1722B6AB00E7BCF4</key>
		<dict>
			<key>isa</key>
			<string>PBXFileReference</string>
			<key>lastKnownFileType</key>
			<string>image.png</string>
			<key>path</key>
			<string>191-collection.png</string>
			<key>sourceTree</key>
			<string>&lt;group&gt;</string>
		</dict>
		<key>7F3666ED1722B6AB00E7BCF4</key>
		<dict>
			<key>isa</key>
			<string>PBXFileReference</string>
			<key>lastKnownFileType</key>
			<string>image.png</string>
			<key>path</key>
			<string>20-gear2.png</string>
			<key>sourceTree</key>
			<string>&lt;group&gt;</string>
		</dict>
		<key>7F3666EE1722B6AB00E7BCF4</key>
		<dict>
			<key>isa</key>
			<string>PBXFileReference</string>
			<key>lastKnownFileType</key>
			<string>image.png</string>
			<key>path</key>
			<string>24-gift.png</string>
			<key>sourceTree</key>
			<string>&lt;group&gt;</string>
		</dict>
		<key>7F3666EF1722B6AB00E7BCF4</key>
		<dict>
			<key>isa</key>
			<string>PBXFileReference</string>
			<key>lastKnownFileType</key>
			<string>image.png</string>
			<key>path</key>
			<string>28-star.png</string>
			<key>sourceTree</key>
			<string>&lt;group&gt;</string>
		</dict>
		<key>7F3666F01722B6AB00E7BCF4</key>
		<dict>
			<key>isa</key>
			<string>PBXFileReference</string>
			<key>lastKnownFileType</key>
			<string>image.png</string>
			<key>path</key>
			<string>34-coffee.png</string>
			<key>sourceTree</key>
			<string>&lt;group&gt;</string>
		</dict>
		<key>7F3666F11722B6AB00E7BCF4</key>
		<dict>
			<key>isa</key>
			<string>PBXFileReference</string>
			<key>lastKnownFileType</key>
			<string>image.png</string>
			<key>path</key>
			<string>41-picture-frame.png</string>
			<key>sourceTree</key>
			<string>&lt;group&gt;</string>
		</dict>
		<key>7F3666F21722B6AB00E7BCF4</key>
		<dict>
			<key>isa</key>
			<string>PBXFileReference</string>
			<key>lastKnownFileType</key>
			<string>image.png</string>
			<key>path</key>
			<string>43-film-roll.png</string>
			<key>sourceTree</key>
			<string>&lt;group&gt;</string>
		</dict>
		<key>7F3666F31722B6AB00E7BCF4</key>
		<dict>
			<key>isa</key>
			<string>PBXFileReference</string>
			<key>lastKnownFileType</key>
			<string>image.png</string>
			<key>path</key>
			<string>45-movie-1.png</string>
			<key>sourceTree</key>
			<string>&lt;group&gt;</string>
		</dict>
		<key>7F3666F41722B6AB00E7BCF4</key>
		<dict>
			<key>isa</key>
			<string>PBXFileReference</string>
			<key>lastKnownFileType</key>
			<string>image.png</string>
			<key>path</key>
			<string>66-microphone.png</string>
			<key>sourceTree</key>
			<string>&lt;group&gt;</string>
		</dict>
		<key>7F3666F51722B6AB00E7BCF4</key>
		<dict>
			<key>isa</key>
			<string>PBXFileReference</string>
			<key>lastKnownFileType</key>
			<string>image.png</string>
			<key>path</key>
			<string>70-tv.png</string>
			<key>sourceTree</key>
			<string>&lt;group&gt;</string>
		</dict>
		<key>7F3666F61722B6AB00E7BCF4</key>
		<dict>
			<key>isa</key>
			<string>PBXFileReference</string>
			<key>lastKnownFileType</key>
			<string>image.png</string>
			<key>path</key>
			<string>83-calendar.png</string>
			<key>sourceTree</key>
			<string>&lt;group&gt;</string>
		</dict>
		<key>7F3666F71722B6AB00E7BCF4</key>
		<dict>
			<key>isa</key>
			<string>PBXFileReference</string>
			<key>lastKnownFileType</key>
			<string>image.png</string>
			<key>path</key>
			<string>85-trophy.png</string>
			<key>sourceTree</key>
			<string>&lt;group&gt;</string>
		</dict>
		<key>7F3666F81722B6AB00E7BCF4</key>
		<dict>
			<key>isa</key>
			<string>PBXFileReference</string>
			<key>lastKnownFileType</key>
			<string>image.png</string>
			<key>path</key>
			<string>86-camera.png</string>
			<key>sourceTree</key>
			<string>&lt;group&gt;</string>
		</dict>
		<key>7F3666F91722B6AB00E7BCF4</key>
		<dict>
			<key>isa</key>
			<string>PBXFileReference</string>
			<key>lastKnownFileType</key>
			<string>image.png</string>
			<key>path</key>
			<string>88-beer-mug.png</string>
			<key>sourceTree</key>
			<string>&lt;group&gt;</string>
		</dict>
		<key>7F3666FA1722B6AB00E7BCF4</key>
		<dict>
			<key>isa</key>
			<string>PBXFileReference</string>
			<key>lastKnownFileType</key>
			<string>image.png</string>
			<key>path</key>
			<string>98-palette.png</string>
			<key>sourceTree</key>
			<string>&lt;group&gt;</string>
		</dict>
		<key>7F3666FB1722B6AB00E7BCF4</key>
		<dict>
			<key>isa</key>
			<string>PBXFileReference</string>
			<key>lastKnownFileType</key>
			<string>image.png</string>
			<key>path</key>
			<string>question-mark-big.png</string>
			<key>sourceTree</key>
			<string>&lt;group&gt;</string>
		</dict>
		<key>7F3666FC1722B6AB00E7BCF4</key>
		<dict>
			<key>isa</key>
			<string>PBXFileReference</string>
			<key>lastKnownFileType</key>
			<string>image.png</string>
			<key>path</key>
			<string>question-mark-small.png</string>
			<key>sourceTree</key>
			<string>&lt;group&gt;</string>
		</dict>
		<key>7F3666FD1722B6AB00E7BCF4</key>
		<dict>
			<key>fileRef</key>
			<string>7F3666DD1722B6AB00E7BCF4</string>
			<key>isa</key>
			<string>PBXBuildFile</string>
		</dict>
		<key>7F3666FE1722B6AB00E7BCF4</key>
		<dict>
			<key>fileRef</key>
			<string>7F3666DF1722B6AB00E7BCF4</string>
			<key>isa</key>
			<string>PBXBuildFile</string>
		</dict>
		<key>7F3666FF1722B6AB00E7BCF4</key>
		<dict>
			<key>fileRef</key>
			<string>7F3666E01722B6AB00E7BCF4</string>
			<key>isa</key>
			<string>PBXBuildFile</string>
		</dict>
		<key>7F3667001722B6AB00E7BCF4</key>
		<dict>
			<key>fileRef</key>
			<string>7F3666E11722B6AB00E7BCF4</string>
			<key>isa</key>
			<string>PBXBuildFile</string>
		</dict>
		<key>7F3667011722B6AB00E7BCF4</key>
		<dict>
			<key>fileRef</key>
			<string>7F3666E21722B6AB00E7BCF4</string>
			<key>isa</key>
			<string>PBXBuildFile</string>
		</dict>
		<key>7F3667021722B6AB00E7BCF4</key>
		<dict>
			<key>fileRef</key>
			<string>7F3666E41722B6AB00E7BCF4</string>
			<key>isa</key>
			<string>PBXBuildFile</string>
		</dict>
		<key>7F3667031722B6AB00E7BCF4</key>
		<dict>
			<key>fileRef</key>
			<string>7F3666E51722B6AB00E7BCF4</string>
			<key>isa</key>
			<string>PBXBuildFile</string>
		</dict>
		<key>7F3667041722B6AB00E7BCF4</key>
		<dict>
			<key>fileRef</key>
			<string>7F3666E61722B6AB00E7BCF4</string>
			<key>isa</key>
			<string>PBXBuildFile</string>
		</dict>
		<key>7F3667051722B6AB00E7BCF4</key>
		<dict>
			<key>fileRef</key>
			<string>7F3666E71722B6AB00E7BCF4</string>
			<key>isa</key>
			<string>PBXBuildFile</string>
		</dict>
		<key>7F3667061722B6AB00E7BCF4</key>
		<dict>
			<key>fileRef</key>
			<string>7F3666E81722B6AB00E7BCF4</string>
			<key>isa</key>
			<string>PBXBuildFile</string>
		</dict>
		<key>7F3667071722B6AB00E7BCF4</key>
		<dict>
			<key>fileRef</key>
			<string>7F3666E91722B6AB00E7BCF4</string>
			<key>isa</key>
			<string>PBXBuildFile</string>
		</dict>
		<key>7F3667081722B6AB00E7BCF4</key>
		<dict>
			<key>fileRef</key>
			<string>7F3666EA1722B6AB00E7BCF4</string>
			<key>isa</key>
			<string>PBXBuildFile</string>
		</dict>
		<key>7F3667091722B6AB00E7BCF4</key>
		<dict>
			<key>fileRef</key>
			<string>7F3666EB1722B6AB00E7BCF4</string>
			<key>isa</key>
			<string>PBXBuildFile</string>
		</dict>
		<key>7F36670A1722B6AB00E7BCF4</key>
		<dict>
			<key>fileRef</key>
			<string>7F3666EC1722B6AB00E7BCF4</string>
			<key>isa</key>
			<string>PBXBuildFile</string>
		</dict>
		<key>7F36670B1722B6AB00E7BCF4</key>
		<dict>
			<key>fileRef</key>
			<string>7F3666ED1722B6AB00E7BCF4</string>
			<key>isa</key>
			<string>PBXBuildFile</string>
		</dict>
		<key>7F36670C1722B6AB00E7BCF4</key>
		<dict>
			<key>fileRef</key>
			<string>7F3666EE1722B6AB00E7BCF4</string>
			<key>isa</key>
			<string>PBXBuildFile</string>
		</dict>
		<key>7F36670D1722B6AB00E7BCF4</key>
		<dict>
			<key>fileRef</key>
			<string>7F3666EF1722B6AB00E7BCF4</string>
			<key>isa</key>
			<string>PBXBuildFile</string>
		</dict>
		<key>7F36670E1722B6AB00E7BCF4</key>
		<dict>
			<key>fileRef</key>
			<string>7F3666F01722B6AB00E7BCF4</string>
			<key>isa</key>
			<string>PBXBuildFile</string>
		</dict>
		<key>7F36670F1722B6AB00E7BCF4</key>
		<dict>
			<key>fileRef</key>
			<string>7F3666F11722B6AB00E7BCF4</string>
			<key>isa</key>
			<string>PBXBuildFile</string>
		</dict>
		<key>7F3667101722B6AB00E7BCF4</key>
		<dict>
			<key>fileRef</key>
			<string>7F3666F21722B6AB00E7BCF4</string>
			<key>isa</key>
			<string>PBXBuildFile</string>
		</dict>
		<key>7F3667111722B6AB00E7BCF4</key>
		<dict>
			<key>fileRef</key>
			<string>7F3666F31722B6AB00E7BCF4</string>
			<key>isa</key>
			<string>PBXBuildFile</string>
		</dict>
		<key>7F3667121722B6AB00E7BCF4</key>
		<dict>
			<key>fileRef</key>
			<string>7F3666F41722B6AB00E7BCF4</string>
			<key>isa</key>
			<string>PBXBuildFile</string>
		</dict>
		<key>7F3667131722B6AB00E7BCF4</key>
		<dict>
			<key>fileRef</key>
			<string>7F3666F51722B6AB00E7BCF4</string>
			<key>isa</key>
			<string>PBXBuildFile</string>
		</dict>
		<key>7F3667141722B6AB00E7BCF4</key>
		<dict>
			<key>fileRef</key>
			<string>7F3666F61722B6AB00E7BCF4</string>
			<key>isa</key>
			<string>PBXBuildFile</string>
		</dict>
		<key>7F3667151722B6AB00E7BCF4</key>
		<dict>
			<key>fileRef</key>
			<string>7F3666F71722B6AB00E7BCF4</string>
			<key>isa</key>
			<string>PBXBuildFile</string>
		</dict>
		<key>7F3667161722B6AB00E7BCF4</key>
		<dict>
			<key>fileRef</key>
			<string>7F3666F81722B6AB00E7BCF4</string>
			<key>isa</key>
			<string>PBXBuildFile</string>
		</dict>
		<key>7F3667171722B6AB00E7BCF4</key>
		<dict>
			<key>fileRef</key>
			<string>7F3666F91722B6AB00E7BCF4</string>
			<key>isa</key>
			<string>PBXBuildFile</string>
		</dict>
		<key>7F3667181722B6AB00E7BCF4</key>
		<dict>
			<key>fileRef</key>
			<string>7F3666FA1722B6AB00E7BCF4</string>
			<key>isa</key>
			<string>PBXBuildFile</string>
		</dict>
		<key>7F3667191722B6AB00E7BCF4</key>
		<dict>
			<key>fileRef</key>
			<string>7F3666FB1722B6AB00E7BCF4</string>
			<key>isa</key>
			<string>PBXBuildFile</string>
		</dict>
		<key>7F36671A1722B6AB00E7BCF4</key>
		<dict>
			<key>fileRef</key>
			<string>7F3666FC1722B6AB00E7BCF4</string>
			<key>isa</key>
			<string>PBXBuildFile</string>
		</dict>
		<key>7F36671B1722B6C200E7BCF4</key>
		<dict>
			<key>children</key>
			<array>
				<string>7F36671C1722B6C200E7BCF4</string>
				<string>7F36671E1722B6F100E7BCF4</string>
				<string>7F36671F1722B6F100E7BCF4</string>
			</array>
			<key>isa</key>
			<string>PBXGroup</string>
			<key>name</key>
			<string>NIBs</string>
			<key>path</key>
			<string>AfishaLviv/Resources/NIBs</string>
			<key>sourceTree</key>
			<string>&lt;group&gt;</string>
		</dict>
		<key>7F36671C1722B6C200E7BCF4</key>
		<dict>
			<key>fileEncoding</key>
			<string>4</string>
			<key>isa</key>
			<string>PBXFileReference</string>
			<key>lastKnownFileType</key>
			<string>file.xib</string>
			<key>path</key>
			<string>EventCell.xib</string>
			<key>sourceTree</key>
			<string>&lt;group&gt;</string>
		</dict>
		<key>7F36671D1722B6C200E7BCF4</key>
		<dict>
			<key>fileRef</key>
			<string>7F36671C1722B6C200E7BCF4</string>
			<key>isa</key>
			<string>PBXBuildFile</string>
		</dict>
		<key>7F36671E1722B6F100E7BCF4</key>
		<dict>
			<key>fileEncoding</key>
			<string>4</string>
			<key>isa</key>
			<string>PBXFileReference</string>
			<key>lastKnownFileType</key>
			<string>file.xib</string>
			<key>path</key>
			<string>EventsMenuViewController.xib</string>
			<key>sourceTree</key>
			<string>&lt;group&gt;</string>
		</dict>
		<key>7F36671F1722B6F100E7BCF4</key>
		<dict>
			<key>fileEncoding</key>
			<string>4</string>
			<key>isa</key>
			<string>PBXFileReference</string>
			<key>lastKnownFileType</key>
			<string>file.xib</string>
			<key>path</key>
			<string>EventsViewController.xib</string>
			<key>sourceTree</key>
			<string>&lt;group&gt;</string>
		</dict>
		<key>7F3667201722B6F100E7BCF4</key>
		<dict>
			<key>fileRef</key>
			<string>7F36671E1722B6F100E7BCF4</string>
			<key>isa</key>
			<string>PBXBuildFile</string>
		</dict>
		<key>7F3667211722B6F100E7BCF4</key>
		<dict>
			<key>fileRef</key>
			<string>7F36671F1722B6F100E7BCF4</string>
			<key>isa</key>
			<string>PBXBuildFile</string>
		</dict>
		<key>7F3667221722B80600E7BCF4</key>
		<dict>
			<key>fileEncoding</key>
			<string>4</string>
			<key>isa</key>
			<string>PBXFileReference</string>
			<key>lastKnownFileType</key>
			<string>sourcecode.c.h</string>
			<key>name</key>
			<string>DatePickerRollerVC.h</string>
			<key>path</key>
			<string>Controllers/DatePickerRollerVC.h</string>
			<key>sourceTree</key>
			<string>&lt;group&gt;</string>
		</dict>
		<key>7F3667231722B80600E7BCF4</key>
		<dict>
			<key>fileEncoding</key>
			<string>4</string>
			<key>isa</key>
			<string>PBXFileReference</string>
			<key>lastKnownFileType</key>
			<string>sourcecode.c.objc</string>
			<key>name</key>
			<string>DatePickerRollerVC.m</string>
			<key>path</key>
			<string>Controllers/DatePickerRollerVC.m</string>
			<key>sourceTree</key>
			<string>&lt;group&gt;</string>
		</dict>
		<key>7F3667241722B80600E7BCF4</key>
		<dict>
			<key>fileEncoding</key>
			<string>4</string>
			<key>isa</key>
			<string>PBXFileReference</string>
			<key>lastKnownFileType</key>
			<string>sourcecode.c.h</string>
			<key>name</key>
			<string>DatePickerVC.h</string>
			<key>path</key>
			<string>Controllers/DatePickerVC.h</string>
			<key>sourceTree</key>
			<string>&lt;group&gt;</string>
		</dict>
		<key>7F3667251722B80600E7BCF4</key>
		<dict>
			<key>fileEncoding</key>
			<string>4</string>
			<key>isa</key>
			<string>PBXFileReference</string>
			<key>lastKnownFileType</key>
			<string>sourcecode.c.objc</string>
			<key>name</key>
			<string>DatePickerVC.m</string>
			<key>path</key>
			<string>Controllers/DatePickerVC.m</string>
			<key>sourceTree</key>
			<string>&lt;group&gt;</string>
		</dict>
		<key>7F3667261722B80600E7BCF4</key>
		<dict>
			<key>fileEncoding</key>
			<string>4</string>
			<key>isa</key>
			<string>PBXFileReference</string>
			<key>lastKnownFileType</key>
			<string>sourcecode.c.h</string>
			<key>name</key>
			<string>EventInfoTVC.h</string>
			<key>path</key>
			<string>Controllers/EventInfoTVC.h</string>
			<key>sourceTree</key>
			<string>&lt;group&gt;</string>
		</dict>
		<key>7F3667271722B80600E7BCF4</key>
		<dict>
			<key>fileEncoding</key>
			<string>4</string>
			<key>isa</key>
			<string>PBXFileReference</string>
			<key>lastKnownFileType</key>
			<string>sourcecode.c.objc</string>
			<key>name</key>
			<string>EventInfoTVC.m</string>
			<key>path</key>
			<string>Controllers/EventInfoTVC.m</string>
			<key>sourceTree</key>
			<string>&lt;group&gt;</string>
		</dict>
		<key>7F3667281722B80600E7BCF4</key>
		<dict>
			<key>fileEncoding</key>
			<string>4</string>
			<key>isa</key>
			<string>PBXFileReference</string>
			<key>lastKnownFileType</key>
			<string>sourcecode.c.h</string>
			<key>name</key>
			<string>EventsMenuViewController.h</string>
			<key>path</key>
			<string>Controllers/EventsMenuViewController.h</string>
			<key>sourceTree</key>
			<string>&lt;group&gt;</string>
		</dict>
		<key>7F3667291722B80600E7BCF4</key>
		<dict>
			<key>fileEncoding</key>
			<string>4</string>
			<key>isa</key>
			<string>PBXFileReference</string>
			<key>lastKnownFileType</key>
			<string>sourcecode.c.objc</string>
			<key>name</key>
			<string>EventsMenuViewController.m</string>
			<key>path</key>
			<string>Controllers/EventsMenuViewController.m</string>
			<key>sourceTree</key>
			<string>&lt;group&gt;</string>
		</dict>
		<key>7F36672A1722B80600E7BCF4</key>
		<dict>
			<key>fileEncoding</key>
			<string>4</string>
			<key>isa</key>
			<string>PBXFileReference</string>
			<key>lastKnownFileType</key>
			<string>sourcecode.c.h</string>
			<key>name</key>
			<string>EventsTVC.h</string>
			<key>path</key>
			<string>Controllers/EventsTVC.h</string>
			<key>sourceTree</key>
			<string>&lt;group&gt;</string>
		</dict>
		<key>7F36672B1722B80600E7BCF4</key>
		<dict>
			<key>fileEncoding</key>
			<string>4</string>
			<key>isa</key>
			<string>PBXFileReference</string>
			<key>lastKnownFileType</key>
			<string>sourcecode.c.objc</string>
			<key>name</key>
			<string>EventsTVC.m</string>
			<key>path</key>
			<string>Controllers/EventsTVC.m</string>
			<key>sourceTree</key>
			<string>&lt;group&gt;</string>
		</dict>
		<key>7F36672C1722B80600E7BCF4</key>
		<dict>
			<key>fileEncoding</key>
			<string>4</string>
			<key>isa</key>
			<string>PBXFileReference</string>
			<key>lastKnownFileType</key>
			<string>sourcecode.c.h</string>
			<key>name</key>
			<string>EventsViewController.h</string>
			<key>path</key>
			<string>Controllers/EventsViewController.h</string>
			<key>sourceTree</key>
			<string>&lt;group&gt;</string>
		</dict>
		<key>7F36672D1722B80600E7BCF4</key>
		<dict>
			<key>fileEncoding</key>
			<string>4</string>
			<key>isa</key>
			<string>PBXFileReference</string>
			<key>lastKnownFileType</key>
			<string>sourcecode.c.objc</string>
			<key>name</key>
			<string>EventsViewController.m</string>
			<key>path</key>
			<string>Controllers/EventsViewController.m</string>
			<key>sourceTree</key>
			<string>&lt;group&gt;</string>
		</dict>
		<key>7F36672E1722B80600E7BCF4</key>
		<dict>
			<key>fileEncoding</key>
			<string>4</string>
			<key>isa</key>
			<string>PBXFileReference</string>
			<key>lastKnownFileType</key>
			<string>sourcecode.c.h</string>
			<key>name</key>
			<string>PlaceInfoVC.h</string>
			<key>path</key>
			<string>Controllers/PlaceInfoVC.h</string>
			<key>sourceTree</key>
			<string>&lt;group&gt;</string>
		</dict>
		<key>7F36672F1722B80600E7BCF4</key>
		<dict>
			<key>fileEncoding</key>
			<string>4</string>
			<key>isa</key>
			<string>PBXFileReference</string>
			<key>lastKnownFileType</key>
			<string>sourcecode.c.objc</string>
			<key>name</key>
			<string>PlaceInfoVC.m</string>
			<key>path</key>
			<string>Controllers/PlaceInfoVC.m</string>
			<key>sourceTree</key>
			<string>&lt;group&gt;</string>
		</dict>
		<key>7F3667301722B80600E7BCF4</key>
		<dict>
			<key>fileEncoding</key>
			<string>4</string>
			<key>isa</key>
			<string>PBXFileReference</string>
			<key>lastKnownFileType</key>
			<string>sourcecode.c.h</string>
			<key>name</key>
			<string>PlacesMenuTVC.h</string>
			<key>path</key>
			<string>Controllers/PlacesMenuTVC.h</string>
			<key>sourceTree</key>
			<string>&lt;group&gt;</string>
		</dict>
		<key>7F3667311722B80600E7BCF4</key>
		<dict>
			<key>fileEncoding</key>
			<string>4</string>
			<key>isa</key>
			<string>PBXFileReference</string>
			<key>lastKnownFileType</key>
			<string>sourcecode.c.objc</string>
			<key>name</key>
			<string>PlacesMenuTVC.m</string>
			<key>path</key>
			<string>Controllers/PlacesMenuTVC.m</string>
			<key>sourceTree</key>
			<string>&lt;group&gt;</string>
		</dict>
		<key>7F3667321722B80600E7BCF4</key>
		<dict>
			<key>fileEncoding</key>
			<string>4</string>
			<key>isa</key>
			<string>PBXFileReference</string>
			<key>lastKnownFileType</key>
			<string>sourcecode.c.h</string>
			<key>name</key>
			<string>PlacesTVC.h</string>
			<key>path</key>
			<string>Controllers/PlacesTVC.h</string>
			<key>sourceTree</key>
			<string>&lt;group&gt;</string>
		</dict>
		<key>7F3667331722B80600E7BCF4</key>
		<dict>
			<key>fileEncoding</key>
			<string>4</string>
			<key>isa</key>
			<string>PBXFileReference</string>
			<key>lastKnownFileType</key>
			<string>sourcecode.c.objc</string>
			<key>name</key>
			<string>PlacesTVC.m</string>
			<key>path</key>
			<string>Controllers/PlacesTVC.m</string>
			<key>sourceTree</key>
			<string>&lt;group&gt;</string>
		</dict>
		<key>7F3667341722B80600E7BCF4</key>
		<dict>
			<key>fileEncoding</key>
			<string>4</string>
			<key>isa</key>
			<string>PBXFileReference</string>
			<key>lastKnownFileType</key>
			<string>sourcecode.c.h</string>
			<key>name</key>
			<string>SettingsVC.h</string>
			<key>path</key>
			<string>Controllers/SettingsVC.h</string>
			<key>sourceTree</key>
			<string>&lt;group&gt;</string>
		</dict>
		<key>7F3667351722B80600E7BCF4</key>
		<dict>
			<key>fileEncoding</key>
			<string>4</string>
			<key>isa</key>
			<string>PBXFileReference</string>
			<key>lastKnownFileType</key>
			<string>sourcecode.c.objc</string>
			<key>name</key>
			<string>SettingsVC.m</string>
			<key>path</key>
			<string>Controllers/SettingsVC.m</string>
			<key>sourceTree</key>
			<string>&lt;group&gt;</string>
		</dict>
		<key>7F3667361722B80700E7BCF4</key>
		<dict>
			<key>fileRef</key>
			<string>7F3667231722B80600E7BCF4</string>
			<key>isa</key>
			<string>PBXBuildFile</string>
		</dict>
		<key>7F3667371722B80700E7BCF4</key>
		<dict>
			<key>fileRef</key>
			<string>7F3667251722B80600E7BCF4</string>
			<key>isa</key>
			<string>PBXBuildFile</string>
		</dict>
		<key>7F3667381722B80700E7BCF4</key>
		<dict>
			<key>fileRef</key>
			<string>7F3667271722B80600E7BCF4</string>
			<key>isa</key>
			<string>PBXBuildFile</string>
		</dict>
		<key>7F3667391722B80700E7BCF4</key>
		<dict>
			<key>fileRef</key>
			<string>7F3667291722B80600E7BCF4</string>
			<key>isa</key>
			<string>PBXBuildFile</string>
		</dict>
		<key>7F36673A1722B80700E7BCF4</key>
		<dict>
			<key>fileRef</key>
			<string>7F36672B1722B80600E7BCF4</string>
			<key>isa</key>
			<string>PBXBuildFile</string>
		</dict>
		<key>7F36673B1722B80700E7BCF4</key>
		<dict>
			<key>fileRef</key>
			<string>7F36672D1722B80600E7BCF4</string>
			<key>isa</key>
			<string>PBXBuildFile</string>
		</dict>
		<key>7F36673C1722B80700E7BCF4</key>
		<dict>
			<key>fileRef</key>
			<string>7F36672F1722B80600E7BCF4</string>
			<key>isa</key>
			<string>PBXBuildFile</string>
		</dict>
		<key>7F36673D1722B80700E7BCF4</key>
		<dict>
			<key>fileRef</key>
			<string>7F3667311722B80600E7BCF4</string>
			<key>isa</key>
			<string>PBXBuildFile</string>
		</dict>
		<key>7F36673E1722B80700E7BCF4</key>
		<dict>
			<key>fileRef</key>
			<string>7F3667331722B80600E7BCF4</string>
			<key>isa</key>
			<string>PBXBuildFile</string>
		</dict>
		<key>7F36673F1722B80700E7BCF4</key>
		<dict>
			<key>fileRef</key>
			<string>7F3667351722B80600E7BCF4</string>
			<key>isa</key>
			<string>PBXBuildFile</string>
		</dict>
		<key>7F3667401722B82F00E7BCF4</key>
		<dict>
			<key>fileEncoding</key>
			<string>4</string>
			<key>isa</key>
			<string>PBXFileReference</string>
			<key>lastKnownFileType</key>
			<string>sourcecode.c.h</string>
			<key>name</key>
			<string>AfishaLvivFetcher.h</string>
			<key>path</key>
			<string>Models/AfishaLvivFetcher.h</string>
			<key>sourceTree</key>
			<string>&lt;group&gt;</string>
		</dict>
		<key>7F3667411722B82F00E7BCF4</key>
		<dict>
			<key>fileEncoding</key>
			<string>4</string>
			<key>isa</key>
			<string>PBXFileReference</string>
			<key>lastKnownFileType</key>
			<string>sourcecode.c.objc</string>
			<key>name</key>
			<string>AfishaLvivFetcher.m</string>
			<key>path</key>
			<string>Models/AfishaLvivFetcher.m</string>
			<key>sourceTree</key>
			<string>&lt;group&gt;</string>
		</dict>
		<key>7F3667441722B82F00E7BCF4</key>
		<dict>
			<key>children</key>
			<array>
				<string>7F3667451722B82F00E7BCF4</string>
				<string>7F3667461722B82F00E7BCF4</string>
			</array>
			<key>isa</key>
			<string>PBXGroup</string>
			<key>name</key>
			<string>PlaceAnnotation</string>
			<key>path</key>
			<string>Models/PlaceAnnotation</string>
			<key>sourceTree</key>
			<string>&lt;group&gt;</string>
		</dict>
		<key>7F3667451722B82F00E7BCF4</key>
		<dict>
			<key>fileEncoding</key>
			<string>4</string>
			<key>isa</key>
			<string>PBXFileReference</string>
			<key>lastKnownFileType</key>
			<string>sourcecode.c.h</string>
			<key>path</key>
			<string>PlaceAnnotation.h</string>
			<key>sourceTree</key>
			<string>&lt;group&gt;</string>
		</dict>
		<key>7F3667461722B82F00E7BCF4</key>
		<dict>
			<key>fileEncoding</key>
			<string>4</string>
			<key>isa</key>
			<string>PBXFileReference</string>
			<key>lastKnownFileType</key>
			<string>sourcecode.c.objc</string>
			<key>path</key>
			<string>PlaceAnnotation.m</string>
			<key>sourceTree</key>
			<string>&lt;group&gt;</string>
		</dict>
		<key>7F3667471722B82F00E7BCF4</key>
		<dict>
			<key>fileRef</key>
			<string>7F3667411722B82F00E7BCF4</string>
			<key>isa</key>
			<string>PBXBuildFile</string>
		</dict>
		<key>7F3667491722B82F00E7BCF4</key>
		<dict>
			<key>fileRef</key>
			<string>7F3667461722B82F00E7BCF4</string>
			<key>isa</key>
			<string>PBXBuildFile</string>
		</dict>
		<key>7F36674A1722B84500E7BCF4</key>
		<dict>
			<key>fileEncoding</key>
			<string>4</string>
			<key>isa</key>
			<string>PBXFileReference</string>
			<key>lastKnownFileType</key>
			<string>sourcecode.c.h</string>
			<key>name</key>
			<string>Event.h</string>
			<key>path</key>
			<string>CoreDate/Event.h</string>
			<key>sourceTree</key>
			<string>&lt;group&gt;</string>
		</dict>
		<key>7F36674B1722B84500E7BCF4</key>
		<dict>
			<key>fileEncoding</key>
			<string>4</string>
			<key>isa</key>
			<string>PBXFileReference</string>
			<key>lastKnownFileType</key>
			<string>sourcecode.c.objc</string>
			<key>name</key>
			<string>Event.m</string>
			<key>path</key>
			<string>CoreDate/Event.m</string>
			<key>sourceTree</key>
			<string>&lt;group&gt;</string>
		</dict>
		<key>7F36674E1722B84500E7BCF4</key>
		<dict>
			<key>fileEncoding</key>
			<string>4</string>
			<key>isa</key>
			<string>PBXFileReference</string>
			<key>lastKnownFileType</key>
			<string>sourcecode.c.h</string>
			<key>name</key>
			<string>EventInfo.h</string>
			<key>path</key>
			<string>CoreDate/EventInfo.h</string>
			<key>sourceTree</key>
			<string>&lt;group&gt;</string>
		</dict>
		<key>7F36674F1722B84500E7BCF4</key>
		<dict>
			<key>fileEncoding</key>
			<string>4</string>
			<key>isa</key>
			<string>PBXFileReference</string>
			<key>lastKnownFileType</key>
			<string>sourcecode.c.objc</string>
			<key>name</key>
			<string>EventInfo.m</string>
			<key>path</key>
			<string>CoreDate/EventInfo.m</string>
			<key>sourceTree</key>
			<string>&lt;group&gt;</string>
		</dict>
		<key>7F3667521722B84500E7BCF4</key>
		<dict>
			<key>fileEncoding</key>
			<string>4</string>
			<key>isa</key>
			<string>PBXFileReference</string>
			<key>lastKnownFileType</key>
			<string>sourcecode.c.h</string>
			<key>name</key>
			<string>Place.h</string>
			<key>path</key>
			<string>CoreDate/Place.h</string>
			<key>sourceTree</key>
			<string>&lt;group&gt;</string>
		</dict>
		<key>7F3667531722B84500E7BCF4</key>
		<dict>
			<key>fileEncoding</key>
			<string>4</string>
			<key>isa</key>
			<string>PBXFileReference</string>
			<key>lastKnownFileType</key>
			<string>sourcecode.c.objc</string>
			<key>name</key>
			<string>Place.m</string>
			<key>path</key>
			<string>CoreDate/Place.m</string>
			<key>sourceTree</key>
			<string>&lt;group&gt;</string>
		</dict>
		<key>7F3667561722B84500E7BCF4</key>
		<dict>
			<key>fileEncoding</key>
			<string>4</string>
			<key>isa</key>
			<string>PBXFileReference</string>
			<key>lastKnownFileType</key>
			<string>sourcecode.c.h</string>
			<key>name</key>
			<string>PlaceInfo.h</string>
			<key>path</key>
			<string>CoreDate/PlaceInfo.h</string>
			<key>sourceTree</key>
			<string>&lt;group&gt;</string>
		</dict>
		<key>7F3667571722B84500E7BCF4</key>
		<dict>
			<key>fileEncoding</key>
			<string>4</string>
			<key>isa</key>
			<string>PBXFileReference</string>
			<key>lastKnownFileType</key>
			<string>sourcecode.c.objc</string>
			<key>name</key>
			<string>PlaceInfo.m</string>
			<key>path</key>
			<string>CoreDate/PlaceInfo.m</string>
			<key>sourceTree</key>
			<string>&lt;group&gt;</string>
		</dict>
		<key>7F36675A1722B84500E7BCF4</key>
		<dict>
			<key>fileRef</key>
			<string>7F36674B1722B84500E7BCF4</string>
			<key>isa</key>
			<string>PBXBuildFile</string>
		</dict>
		<key>7F36675C1722B84500E7BCF4</key>
		<dict>
			<key>fileRef</key>
			<string>7F36674F1722B84500E7BCF4</string>
			<key>isa</key>
			<string>PBXBuildFile</string>
		</dict>
		<key>7F36675E1722B84500E7BCF4</key>
		<dict>
			<key>fileRef</key>
			<string>7F3667531722B84500E7BCF4</string>
			<key>isa</key>
			<string>PBXBuildFile</string>
		</dict>
		<key>7F3667601722B84500E7BCF4</key>
		<dict>
			<key>fileRef</key>
			<string>7F3667571722B84500E7BCF4</string>
			<key>isa</key>
			<string>PBXBuildFile</string>
		</dict>
		<key>7F3667851722B87A00E7BCF4</key>
		<dict>
			<key>children</key>
			<array>
				<string>7F36678A1722B89400E7BCF4</string>
				<string>7F36678B1722B89400E7BCF4</string>
			</array>
			<key>isa</key>
			<string>PBXGroup</string>
			<key>path</key>
			<string>Views</string>
			<key>sourceTree</key>
			<string>&lt;group&gt;</string>
		</dict>
		<key>7F36678A1722B89400E7BCF4</key>
		<dict>
			<key>fileEncoding</key>
			<string>4</string>
			<key>isa</key>
			<string>PBXFileReference</string>
			<key>lastKnownFileType</key>
			<string>sourcecode.c.h</string>
			<key>path</key>
			<string>PlaceCell.h</string>
			<key>sourceTree</key>
			<string>&lt;group&gt;</string>
		</dict>
		<key>7F36678B1722B89400E7BCF4</key>
		<dict>
			<key>fileEncoding</key>
			<string>4</string>
			<key>isa</key>
			<string>PBXFileReference</string>
			<key>lastKnownFileType</key>
			<string>sourcecode.c.objc</string>
			<key>path</key>
			<string>PlaceCell.m</string>
			<key>sourceTree</key>
			<string>&lt;group&gt;</string>
		</dict>
		<key>7F36678C1722B89400E7BCF4</key>
		<dict>
			<key>fileRef</key>
			<string>7F36678B1722B89400E7BCF4</string>
			<key>isa</key>
			<string>PBXBuildFile</string>
		</dict>
		<key>7F36678D1722B8CD00E7BCF4</key>
		<dict>
			<key>children</key>
			<array>
				<string>7F36678E1722B8CD00E7BCF4</string>
			</array>
			<key>currentVersion</key>
			<string>7F36678E1722B8CD00E7BCF4</string>
			<key>isa</key>
			<string>XCVersionGroup</string>
			<key>name</key>
			<string>AfishaLviv.xcdatamodeld</string>
			<key>path</key>
			<string>CoreDate/AfishaLviv.xcdatamodeld</string>
			<key>sourceTree</key>
			<string>&lt;group&gt;</string>
			<key>versionGroupType</key>
			<string>wrapper.xcdatamodel</string>
		</dict>
		<key>7F36678E1722B8CD00E7BCF4</key>
		<dict>
			<key>isa</key>
			<string>PBXFileReference</string>
			<key>lastKnownFileType</key>
			<string>wrapper.xcdatamodel</string>
			<key>path</key>
			<string>AfishaLviv.xcdatamodel</string>
			<key>sourceTree</key>
			<string>&lt;group&gt;</string>
		</dict>
		<key>7F36678F1722B8CD00E7BCF4</key>
		<dict>
			<key>fileRef</key>
			<string>7F36678D1722B8CD00E7BCF4</string>
			<key>isa</key>
			<string>PBXBuildFile</string>
		</dict>
		<key>7F3667901722B9BD00E7BCF4</key>
		<dict>
			<key>isa</key>
			<string>PBXFileReference</string>
			<key>lastKnownFileType</key>
			<string>image.png</string>
			<key>path</key>
			<string>Default-568h@2x.png</string>
			<key>sourceTree</key>
			<string>&lt;group&gt;</string>
		</dict>
		<key>7F3667911722B9BD00E7BCF4</key>
		<dict>
			<key>fileRef</key>
			<string>7F3667901722B9BD00E7BCF4</string>
			<key>isa</key>
			<string>PBXBuildFile</string>
		</dict>
		<key>7F8D9BBF1722BD9C00EE5D7C</key>
		<dict>
			<key>fileEncoding</key>
			<string>4</string>
			<key>isa</key>
			<string>PBXFileReference</string>
			<key>lastKnownFileType</key>
			<string>sourcecode.c.h</string>
			<key>name</key>
			<string>DataManager.h</string>
			<key>path</key>
			<string>Models/DataManager.h</string>
			<key>sourceTree</key>
			<string>&lt;group&gt;</string>
		</dict>
		<key>7F8D9BC01722BD9C00EE5D7C</key>
		<dict>
			<key>fileEncoding</key>
			<string>4</string>
			<key>isa</key>
			<string>PBXFileReference</string>
			<key>lastKnownFileType</key>
			<string>sourcecode.c.objc</string>
			<key>name</key>
			<string>DataManager.m</string>
			<key>path</key>
			<string>Models/DataManager.m</string>
			<key>sourceTree</key>
			<string>&lt;group&gt;</string>
		</dict>
		<key>7F8D9BC11722BD9C00EE5D7C</key>
		<dict>
			<key>fileRef</key>
			<string>7F8D9BC01722BD9C00EE5D7C</string>
			<key>isa</key>
			<string>PBXBuildFile</string>
		</dict>
		<key>7FAABC0315251C1C00C9987A</key>
		<dict>
			<key>isa</key>
			<string>PBXFileReference</string>
			<key>lastKnownFileType</key>
			<string>wrapper.framework</string>
			<key>name</key>
			<string>MapKit.framework</string>
			<key>path</key>
			<string>System/Library/Frameworks/MapKit.framework</string>
			<key>sourceTree</key>
			<string>SDKROOT</string>
		</dict>
		<key>7FAABC0415251C1C00C9987A</key>
		<dict>
			<key>fileRef</key>
			<string>7FAABC0315251C1C00C9987A</string>
			<key>isa</key>
			<string>PBXBuildFile</string>
		</dict>
		<key>7FBC6523151B8057002A87CE</key>
		<dict>
			<key>children</key>
			<array>
				<string>7F36671B1722B6C200E7BCF4</string>
				<string>7F3666DC1722B6AB00E7BCF4</string>
			</array>
			<key>isa</key>
			<string>PBXGroup</string>
			<key>name</key>
			<string>Resources</string>
			<key>path</key>
			<string>..</string>
			<key>sourceTree</key>
			<string>&lt;group&gt;</string>
		</dict>
		<key>7FC0E5D2152F66270077253F</key>
		<dict>
			<key>isa</key>
			<string>PBXFileReference</string>
			<key>lastKnownFileType</key>
			<string>wrapper.framework</string>
			<key>name</key>
			<string>Twitter.framework</string>
			<key>path</key>
			<string>System/Library/Frameworks/Twitter.framework</string>
			<key>sourceTree</key>
			<string>SDKROOT</string>
		</dict>
		<key>7FC0E5D3152F66270077253F</key>
		<dict>
			<key>fileRef</key>
			<string>7FC0E5D2152F66270077253F</string>
			<key>isa</key>
			<string>PBXBuildFile</string>
		</dict>
		<key>7FC0E5D5152F6AB00077253F</key>
		<dict>
			<key>isa</key>
			<string>PBXFileReference</string>
			<key>lastKnownFileType</key>
			<string>wrapper.framework</string>
			<key>name</key>
			<string>EventKit.framework</string>
			<key>path</key>
			<string>System/Library/Frameworks/EventKit.framework</string>
			<key>sourceTree</key>
			<string>SDKROOT</string>
		</dict>
		<key>7FC0E5D6152F6AB00077253F</key>
		<dict>
			<key>fileRef</key>
			<string>7FC0E5D5152F6AB00077253F</string>
			<key>isa</key>
			<string>PBXBuildFile</string>
		</dict>
		<key>7FC0E5DF152F6D1F0077253F</key>
		<dict>
			<key>isa</key>
			<string>PBXFileReference</string>
			<key>lastKnownFileType</key>
			<string>wrapper.framework</string>
			<key>name</key>
			<string>EventKitUI.framework</string>
			<key>path</key>
			<string>System/Library/Frameworks/EventKitUI.framework</string>
			<key>sourceTree</key>
			<string>SDKROOT</string>
		</dict>
		<key>7FC0E5E0152F6D1F0077253F</key>
		<dict>
			<key>fileRef</key>
			<string>7FC0E5DF152F6D1F0077253F</string>
			<key>isa</key>
			<string>PBXBuildFile</string>
		</dict>
		<key>7FD4FE94158E17F9009C85BB</key>
		<dict>
			<key>isa</key>
			<string>PBXFileReference</string>
			<key>lastKnownFileType</key>
			<string>wrapper.framework</string>
			<key>name</key>
			<string>ImageIO.framework</string>
			<key>path</key>
			<string>System/Library/Frameworks/ImageIO.framework</string>
			<key>sourceTree</key>
			<string>SDKROOT</string>
		</dict>
		<key>7FD4FE95158E17F9009C85BB</key>
		<dict>
			<key>fileRef</key>
			<string>7FD4FE94158E17F9009C85BB</string>
			<key>isa</key>
			<string>PBXBuildFile</string>
		</dict>
		<key>7FD5DD591517EE5100E919FA</key>
		<dict>
			<key>children</key>
			<array>
				<string>7FD5DD701517EE5200E919FA</string>
				<string>7FD5DD671517EE5200E919FA</string>
				<string>7FD5DD651517EE5100E919FA</string>
				<string>12AC591DD4BB4C6DBA9C508E</string>
			</array>
			<key>isa</key>
			<string>PBXGroup</string>
			<key>sourceTree</key>
			<string>&lt;group&gt;</string>
		</dict>
		<key>7FD5DD5B1517EE5100E919FA</key>
		<dict>
			<key>attributes</key>
			<dict>
				<key>LastUpgradeCheck</key>
				<string>0460</string>
			</dict>
			<key>buildConfigurationList</key>
			<string>7FD5DD5E1517EE5100E919FA</string>
			<key>compatibilityVersion</key>
			<string>Xcode 3.2</string>
			<key>developmentRegion</key>
			<string>English</string>
			<key>hasScannedForEncodings</key>
			<string>0</string>
			<key>isa</key>
			<string>PBXProject</string>
			<key>knownRegions</key>
			<array>
				<string>en</string>
				<string>ru</string>
				<string>uk</string>
			</array>
			<key>mainGroup</key>
			<string>7FD5DD591517EE5100E919FA</string>
			<key>productRefGroup</key>
			<string>7FD5DD651517EE5100E919FA</string>
			<key>projectDirPath</key>
			<string></string>
			<key>projectReferences</key>
			<array/>
			<key>projectRoot</key>
			<string></string>
			<key>targets</key>
			<array>
				<string>7FD5DD631517EE5100E919FA</string>
			</array>
		</dict>
		<key>7FD5DD5E1517EE5100E919FA</key>
		<dict>
			<key>buildConfigurations</key>
			<array>
				<string>7FD5DD7F1517EE5200E919FA</string>
				<string>7FD5DD801517EE5200E919FA</string>
			</array>
			<key>defaultConfigurationIsVisible</key>
			<string>0</string>
			<key>defaultConfigurationName</key>
			<string>Release</string>
			<key>isa</key>
			<string>XCConfigurationList</string>
		</dict>
		<key>7FD5DD601517EE5100E919FA</key>
		<dict>
			<key>buildActionMask</key>
			<string>2147483647</string>
			<key>files</key>
			<array>
				<string>7FD5DD771517EE5200E919FA</string>
				<string>7FD5DD7B1517EE5200E919FA</string>
				<string>7F3667361722B80700E7BCF4</string>
				<string>7F3667371722B80700E7BCF4</string>
				<string>7F3667381722B80700E7BCF4</string>
				<string>7F3667391722B80700E7BCF4</string>
				<string>7F36673A1722B80700E7BCF4</string>
				<string>7F36673B1722B80700E7BCF4</string>
				<string>7F36673C1722B80700E7BCF4</string>
				<string>7F36673D1722B80700E7BCF4</string>
				<string>7F36673E1722B80700E7BCF4</string>
				<string>7F36673F1722B80700E7BCF4</string>
				<string>7F3667471722B82F00E7BCF4</string>
				<string>7F3667491722B82F00E7BCF4</string>
				<string>7F36675A1722B84500E7BCF4</string>
				<string>7F36675C1722B84500E7BCF4</string>
				<string>7F36675E1722B84500E7BCF4</string>
				<string>7F3667601722B84500E7BCF4</string>
				<string>7F36678C1722B89400E7BCF4</string>
				<string>7F36678F1722B8CD00E7BCF4</string>
				<string>7F8D9BC11722BD9C00EE5D7C</string>
			</array>
			<key>isa</key>
			<string>PBXSourcesBuildPhase</string>
			<key>runOnlyForDeploymentPostprocessing</key>
			<string>0</string>
		</dict>
		<key>7FD5DD611517EE5100E919FA</key>
		<dict>
			<key>buildActionMask</key>
			<string>2147483647</string>
			<key>files</key>
			<array>
				<string>7FD4FE95158E17F9009C85BB</string>
				<string>7FC0E5E0152F6D1F0077253F</string>
				<string>7FC0E5D6152F6AB00077253F</string>
				<string>7FC0E5D3152F66270077253F</string>
				<string>7FAABC0415251C1C00C9987A</string>
				<string>7FD5DD691517EE5200E919FA</string>
				<string>7FD5DD6B1517EE5200E919FA</string>
				<string>7FD5DD6D1517EE5200E919FA</string>
				<string>7FD5DD6F1517EE5200E919FA</string>
				<string>392EED3FF3234458B5D84DFF</string>
			</array>
			<key>isa</key>
			<string>PBXFrameworksBuildPhase</string>
			<key>runOnlyForDeploymentPostprocessing</key>
			<string>0</string>
		</dict>
		<key>7FD5DD621517EE5100E919FA</key>
		<dict>
			<key>buildActionMask</key>
			<string>2147483647</string>
			<key>files</key>
			<array>
				<string>7FF85BD7153E3BE5001EA4D5</string>
				<string>7F3666FD1722B6AB00E7BCF4</string>
				<string>7F3666FE1722B6AB00E7BCF4</string>
				<string>7F3666FF1722B6AB00E7BCF4</string>
				<string>7F3667001722B6AB00E7BCF4</string>
				<string>7F3667011722B6AB00E7BCF4</string>
				<string>7F3667021722B6AB00E7BCF4</string>
				<string>7F3667031722B6AB00E7BCF4</string>
				<string>7F3667041722B6AB00E7BCF4</string>
				<string>7F3667051722B6AB00E7BCF4</string>
				<string>7F3667061722B6AB00E7BCF4</string>
				<string>7F3667071722B6AB00E7BCF4</string>
				<string>7F3667081722B6AB00E7BCF4</string>
				<string>7F3667091722B6AB00E7BCF4</string>
				<string>7F36670A1722B6AB00E7BCF4</string>
				<string>7F36670B1722B6AB00E7BCF4</string>
				<string>7F36670C1722B6AB00E7BCF4</string>
				<string>7F36670D1722B6AB00E7BCF4</string>
				<string>7F36670E1722B6AB00E7BCF4</string>
				<string>7F36670F1722B6AB00E7BCF4</string>
				<string>7F3667101722B6AB00E7BCF4</string>
				<string>7F3667111722B6AB00E7BCF4</string>
				<string>7F3667121722B6AB00E7BCF4</string>
				<string>7F3667131722B6AB00E7BCF4</string>
				<string>7F3667141722B6AB00E7BCF4</string>
				<string>7F3667151722B6AB00E7BCF4</string>
				<string>7F3667161722B6AB00E7BCF4</string>
				<string>7F3667171722B6AB00E7BCF4</string>
				<string>7F3667181722B6AB00E7BCF4</string>
				<string>7F3667191722B6AB00E7BCF4</string>
				<string>7F36671A1722B6AB00E7BCF4</string>
				<string>7F36671D1722B6C200E7BCF4</string>
				<string>7F3667201722B6F100E7BCF4</string>
				<string>7F3667211722B6F100E7BCF4</string>
				<string>7F3667911722B9BD00E7BCF4</string>
			</array>
			<key>isa</key>
			<string>PBXResourcesBuildPhase</string>
			<key>runOnlyForDeploymentPostprocessing</key>
			<string>0</string>
		</dict>
		<key>7FD5DD631517EE5100E919FA</key>
		<dict>
			<key>buildConfigurationList</key>
			<string>7FD5DD811517EE5200E919FA</string>
			<key>buildPhases</key>
			<array>
				<string>512457CF8FA34B5EAE02CC3E</string>
				<string>7FD5DD601517EE5100E919FA</string>
				<string>7FD5DD611517EE5100E919FA</string>
				<string>7FD5DD621517EE5100E919FA</string>
				<string>8EC04B44E53E4E9EB86E2327</string>
			</array>
			<key>buildRules</key>
			<array/>
			<key>dependencies</key>
			<array/>
			<key>isa</key>
			<string>PBXNativeTarget</string>
			<key>name</key>
			<string>AfishaLviv</string>
			<key>productName</key>
			<string>AfishaLviv</string>
			<key>productReference</key>
			<string>7FD5DD641517EE5100E919FA</string>
			<key>productType</key>
			<string>com.apple.product-type.application</string>
		</dict>
		<key>7FD5DD641517EE5100E919FA</key>
		<dict>
			<key>explicitFileType</key>
			<string>wrapper.application</string>
			<key>includeInIndex</key>
			<string>0</string>
			<key>isa</key>
			<string>PBXFileReference</string>
			<key>path</key>
			<string>AfishaLviv.app</string>
			<key>sourceTree</key>
			<string>BUILT_PRODUCTS_DIR</string>
		</dict>
		<key>7FD5DD651517EE5100E919FA</key>
		<dict>
			<key>children</key>
			<array>
				<string>7FD5DD641517EE5100E919FA</string>
			</array>
			<key>isa</key>
			<string>PBXGroup</string>
			<key>name</key>
			<string>Products</string>
			<key>sourceTree</key>
			<string>&lt;group&gt;</string>
		</dict>
		<key>7FD5DD671517EE5200E919FA</key>
		<dict>
			<key>children</key>
			<array>
				<string>7FD4FE94158E17F9009C85BB</string>
				<string>7FC0E5DF152F6D1F0077253F</string>
				<string>7FC0E5D5152F6AB00077253F</string>
				<string>7FC0E5D2152F66270077253F</string>
				<string>7FAABC0315251C1C00C9987A</string>
				<string>7FD5DD681517EE5200E919FA</string>
				<string>7FD5DD6A1517EE5200E919FA</string>
				<string>7FD5DD6C1517EE5200E919FA</string>
				<string>7FD5DD6E1517EE5200E919FA</string>
				<string>23644B7328FE4C17B91CD2EF</string>
			</array>
			<key>isa</key>
			<string>PBXGroup</string>
			<key>name</key>
			<string>Frameworks</string>
			<key>sourceTree</key>
			<string>&lt;group&gt;</string>
		</dict>
		<key>7FD5DD681517EE5200E919FA</key>
		<dict>
			<key>isa</key>
			<string>PBXFileReference</string>
			<key>lastKnownFileType</key>
			<string>wrapper.framework</string>
			<key>name</key>
			<string>UIKit.framework</string>
			<key>path</key>
			<string>System/Library/Frameworks/UIKit.framework</string>
			<key>sourceTree</key>
			<string>SDKROOT</string>
		</dict>
		<key>7FD5DD691517EE5200E919FA</key>
		<dict>
			<key>fileRef</key>
			<string>7FD5DD681517EE5200E919FA</string>
			<key>isa</key>
			<string>PBXBuildFile</string>
		</dict>
		<key>7FD5DD6A1517EE5200E919FA</key>
		<dict>
			<key>isa</key>
			<string>PBXFileReference</string>
			<key>lastKnownFileType</key>
			<string>wrapper.framework</string>
			<key>name</key>
			<string>Foundation.framework</string>
			<key>path</key>
			<string>System/Library/Frameworks/Foundation.framework</string>
			<key>sourceTree</key>
			<string>SDKROOT</string>
		</dict>
		<key>7FD5DD6B1517EE5200E919FA</key>
		<dict>
			<key>fileRef</key>
			<string>7FD5DD6A1517EE5200E919FA</string>
			<key>isa</key>
			<string>PBXBuildFile</string>
		</dict>
		<key>7FD5DD6C1517EE5200E919FA</key>
		<dict>
			<key>isa</key>
			<string>PBXFileReference</string>
			<key>lastKnownFileType</key>
			<string>wrapper.framework</string>
			<key>name</key>
			<string>CoreGraphics.framework</string>
			<key>path</key>
			<string>System/Library/Frameworks/CoreGraphics.framework</string>
			<key>sourceTree</key>
			<string>SDKROOT</string>
		</dict>
		<key>7FD5DD6D1517EE5200E919FA</key>
		<dict>
			<key>fileRef</key>
			<string>7FD5DD6C1517EE5200E919FA</string>
			<key>isa</key>
			<string>PBXBuildFile</string>
		</dict>
		<key>7FD5DD6E1517EE5200E919FA</key>
		<dict>
			<key>isa</key>
			<string>PBXFileReference</string>
			<key>lastKnownFileType</key>
			<string>wrapper.framework</string>
			<key>name</key>
			<string>CoreData.framework</string>
			<key>path</key>
			<string>System/Library/Frameworks/CoreData.framework</string>
			<key>sourceTree</key>
			<string>SDKROOT</string>
		</dict>
		<key>7FD5DD6F1517EE5200E919FA</key>
		<dict>
			<key>fileRef</key>
			<string>7FD5DD6E1517EE5200E919FA</string>
			<key>isa</key>
			<string>PBXBuildFile</string>
		</dict>
		<key>7FD5DD701517EE5200E919FA</key>
		<dict>
			<key>children</key>
			<array>
				<string>7FD5DD791517EE5200E919FA</string>
				<string>7FD5DD7A1517EE5200E919FA</string>
				<string>7FD5DD911517EEC400E919FA</string>
				<string>7F3667851722B87A00E7BCF4</string>
				<string>7F1E60EE151E3BE600354A2F</string>
				<string>7FBC6523151B8057002A87CE</string>
				<string>7FD5DD711517EE5200E919FA</string>
			</array>
			<key>isa</key>
			<string>PBXGroup</string>
			<key>path</key>
			<string>AfishaLviv</string>
			<key>sourceTree</key>
			<string>&lt;group&gt;</string>
		</dict>
		<key>7FD5DD711517EE5200E919FA</key>
		<dict>
			<key>children</key>
			<array>
				<string>7FF85BD5153E3BE5001EA4D5</string>
				<string>7FD5DD721517EE5200E919FA</string>
				<string>7FD5DD761517EE5200E919FA</string>
				<string>7FD5DD781517EE5200E919FA</string>
			</array>
			<key>isa</key>
			<string>PBXGroup</string>
			<key>name</key>
			<string>Supporting Files</string>
			<key>sourceTree</key>
			<string>&lt;group&gt;</string>
		</dict>
		<key>7FD5DD721517EE5200E919FA</key>
		<dict>
			<key>isa</key>
			<string>PBXFileReference</string>
			<key>lastKnownFileType</key>
			<string>text.plist.xml</string>
			<key>path</key>
			<string>AfishaLviv-Info.plist</string>
			<key>sourceTree</key>
			<string>&lt;group&gt;</string>
		</dict>
		<key>7FD5DD761517EE5200E919FA</key>
		<dict>
			<key>isa</key>
			<string>PBXFileReference</string>
			<key>lastKnownFileType</key>
			<string>sourcecode.c.objc</string>
			<key>path</key>
			<string>main.m</string>
			<key>sourceTree</key>
			<string>&lt;group&gt;</string>
		</dict>
		<key>7FD5DD771517EE5200E919FA</key>
		<dict>
			<key>fileRef</key>
			<string>7FD5DD761517EE5200E919FA</string>
			<key>isa</key>
			<string>PBXBuildFile</string>
		</dict>
		<key>7FD5DD781517EE5200E919FA</key>
		<dict>
			<key>isa</key>
			<string>PBXFileReference</string>
			<key>lastKnownFileType</key>
			<string>sourcecode.c.h</string>
			<key>path</key>
			<string>AfishaLviv-Prefix.pch</string>
			<key>sourceTree</key>
			<string>&lt;group&gt;</string>
		</dict>
		<key>7FD5DD791517EE5200E919FA</key>
		<dict>
			<key>isa</key>
			<string>PBXFileReference</string>
			<key>lastKnownFileType</key>
			<string>sourcecode.c.h</string>
			<key>path</key>
			<string>AppDelegate.h</string>
			<key>sourceTree</key>
			<string>&lt;group&gt;</string>
		</dict>
		<key>7FD5DD7A1517EE5200E919FA</key>
		<dict>
			<key>isa</key>
			<string>PBXFileReference</string>
			<key>lastKnownFileType</key>
			<string>sourcecode.c.objc</string>
			<key>path</key>
			<string>AppDelegate.m</string>
			<key>sourceTree</key>
			<string>&lt;group&gt;</string>
		</dict>
		<key>7FD5DD7B1517EE5200E919FA</key>
		<dict>
			<key>fileRef</key>
			<string>7FD5DD7A1517EE5200E919FA</string>
			<key>isa</key>
			<string>PBXBuildFile</string>
		</dict>
		<key>7FD5DD7F1517EE5200E919FA</key>
		<dict>
			<key>buildSettings</key>
			<dict>
				<key>ALWAYS_SEARCH_USER_PATHS</key>
				<string>NO</string>
				<key>ARCHS</key>
				<string>$(ARCHS_STANDARD_32_BIT)</string>
				<key>CLANG_ENABLE_OBJC_ARC</key>
				<string>YES</string>
				<key>CLANG_WARN_CONSTANT_CONVERSION</key>
				<string>YES</string>
				<key>CLANG_WARN_ENUM_CONVERSION</key>
				<string>YES</string>
				<key>CLANG_WARN_INT_CONVERSION</key>
				<string>YES</string>
				<key>CLANG_WARN__DUPLICATE_METHOD_MATCH</key>
				<string>YES</string>
				<key>CODE_SIGN_ENTITLEMENTS</key>
				<string></string>
				<key>CODE_SIGN_IDENTITY</key>
				<string>iPhone Developer</string>
				<key>CODE_SIGN_IDENTITY[sdk=iphoneos*]</key>
				<string>iPhone Developer: Danylo Kostyshyn (2H792BT2J7)</string>
				<key>COPY_PHASE_STRIP</key>
				<string>NO</string>
				<key>GCC_C_LANGUAGE_STANDARD</key>
				<string>gnu99</string>
				<key>GCC_DYNAMIC_NO_PIC</key>
				<string>NO</string>
				<key>GCC_OPTIMIZATION_LEVEL</key>
				<string>0</string>
				<key>GCC_PREPROCESSOR_DEFINITIONS</key>
				<array>
					<string>DEBUG=1</string>
					<string>$(inherited)</string>
				</array>
				<key>GCC_SYMBOLS_PRIVATE_EXTERN</key>
				<string>NO</string>
				<key>GCC_THUMB_SUPPORT</key>
				<string>NO</string>
				<key>GCC_VERSION</key>
				<string>com.apple.compilers.llvm.clang.1_0</string>
				<key>GCC_WARN_ABOUT_RETURN_TYPE</key>
				<string>YES</string>
				<key>GCC_WARN_UNINITIALIZED_AUTOS</key>
				<string>YES</string>
				<key>GCC_WARN_UNUSED_VARIABLE</key>
				<string>YES</string>
				<key>HEADER_SEARCH_PATHS</key>
				<string>/Users/danylokostyshyn/Developer/github/json-framework/**</string>
				<key>IPHONEOS_DEPLOYMENT_TARGET</key>
				<string>6.0</string>
				<key>ONLY_ACTIVE_ARCH</key>
				<string>NO</string>
				<key>PROVISIONING_PROFILE</key>
				<string></string>
				<key>PROVISIONING_PROFILE[sdk=iphoneos*]</key>
				<string>C8D4824E-E1E0-4879-A944-6161042775A8</string>
				<key>SDKROOT</key>
				<string>iphoneos</string>
				<key>VALID_ARCHS</key>
				<string>armv7 armv7s</string>
			</dict>
			<key>isa</key>
			<string>XCBuildConfiguration</string>
			<key>name</key>
			<string>Debug</string>
		</dict>
		<key>7FD5DD801517EE5200E919FA</key>
		<dict>
			<key>buildSettings</key>
			<dict>
				<key>ALWAYS_SEARCH_USER_PATHS</key>
				<string>NO</string>
				<key>ARCHS</key>
				<string>$(ARCHS_STANDARD_32_BIT)</string>
				<key>CLANG_ENABLE_OBJC_ARC</key>
				<string>YES</string>
				<key>CLANG_WARN_CONSTANT_CONVERSION</key>
				<string>YES</string>
				<key>CLANG_WARN_ENUM_CONVERSION</key>
				<string>YES</string>
				<key>CLANG_WARN_INT_CONVERSION</key>
				<string>YES</string>
				<key>CLANG_WARN__DUPLICATE_METHOD_MATCH</key>
				<string>YES</string>
				<key>CODE_SIGN_ENTITLEMENTS</key>
				<string></string>
				<key>CODE_SIGN_IDENTITY</key>
				<string>iPhone Developer</string>
				<key>CODE_SIGN_IDENTITY[sdk=iphoneos*]</key>
				<string>iPhone Developer: Danylo Kostyshyn (2H792BT2J7)</string>
				<key>COPY_PHASE_STRIP</key>
				<string>YES</string>
				<key>GCC_C_LANGUAGE_STANDARD</key>
				<string>gnu99</string>
				<key>GCC_THUMB_SUPPORT</key>
				<string>NO</string>
				<key>GCC_VERSION</key>
				<string>com.apple.compilers.llvm.clang.1_0</string>
				<key>GCC_WARN_ABOUT_RETURN_TYPE</key>
				<string>YES</string>
				<key>GCC_WARN_UNINITIALIZED_AUTOS</key>
				<string>YES</string>
				<key>GCC_WARN_UNUSED_VARIABLE</key>
				<string>YES</string>
				<key>HEADER_SEARCH_PATHS</key>
				<string>/Users/danylokostyshyn/Developer/github/json-framework/**</string>
				<key>IPHONEOS_DEPLOYMENT_TARGET</key>
				<string>6.0</string>
				<key>ONLY_ACTIVE_ARCH</key>
				<string>NO</string>
				<key>OTHER_CFLAGS</key>
				<string>-DNS_BLOCK_ASSERTIONS=1</string>
				<key>PROVISIONING_PROFILE</key>
				<string></string>
				<key>PROVISIONING_PROFILE[sdk=iphoneos*]</key>
				<string>C8D4824E-E1E0-4879-A944-6161042775A8</string>
				<key>SDKROOT</key>
				<string>iphoneos</string>
				<key>VALIDATE_PRODUCT</key>
				<string>YES</string>
				<key>VALID_ARCHS</key>
				<string>armv7 armv7s</string>
			</dict>
			<key>isa</key>
			<string>XCBuildConfiguration</string>
			<key>name</key>
			<string>Release</string>
		</dict>
		<key>7FD5DD811517EE5200E919FA</key>
		<dict>
			<key>buildConfigurations</key>
			<array>
				<string>7FD5DD821517EE5200E919FA</string>
				<string>7FD5DD831517EE5200E919FA</string>
			</array>
			<key>defaultConfigurationIsVisible</key>
			<string>0</string>
			<key>defaultConfigurationName</key>
			<string>Release</string>
			<key>isa</key>
			<string>XCConfigurationList</string>
		</dict>
		<key>7FD5DD821517EE5200E919FA</key>
		<dict>
			<key>baseConfigurationReference</key>
			<string>12AC591DD4BB4C6DBA9C508E</string>
			<key>buildSettings</key>
			<dict>
				<key>ARCHS</key>
				<string>$(ARCHS_STANDARD_32_BIT)</string>
				<key>CODE_SIGN_IDENTITY</key>
				<string>iPhone Developer</string>
				<key>GCC_PRECOMPILE_PREFIX_HEADER</key>
				<string>YES</string>
				<key>GCC_PREFIX_HEADER</key>
				<string>AfishaLviv/AfishaLviv-Prefix.pch</string>
				<key>GCC_THUMB_SUPPORT</key>
				<string>NO</string>
				<key>INFOPLIST_FILE</key>
				<string>AfishaLviv/AfishaLviv-Info.plist</string>
				<key>IPHONEOS_DEPLOYMENT_TARGET</key>
				<string>6.0</string>
				<key>PRODUCT_NAME</key>
				<string>$(TARGET_NAME)</string>
				<key>PROVISIONING_PROFILE</key>
				<string></string>
				<key>VALID_ARCHS</key>
				<string>armv7 armv7s</string>
				<key>WRAPPER_EXTENSION</key>
				<string>app</string>
			</dict>
			<key>isa</key>
			<string>XCBuildConfiguration</string>
			<key>name</key>
			<string>Debug</string>
		</dict>
		<key>7FD5DD831517EE5200E919FA</key>
		<dict>
			<key>baseConfigurationReference</key>
			<string>12AC591DD4BB4C6DBA9C508E</string>
			<key>buildSettings</key>
			<dict>
				<key>ARCHS</key>
				<string>$(ARCHS_STANDARD_32_BIT)</string>
				<key>CODE_SIGN_IDENTITY</key>
				<string>iPhone Developer</string>
				<key>GCC_PRECOMPILE_PREFIX_HEADER</key>
				<string>YES</string>
				<key>GCC_PREFIX_HEADER</key>
				<string>AfishaLviv/AfishaLviv-Prefix.pch</string>
				<key>GCC_THUMB_SUPPORT</key>
				<string>NO</string>
				<key>INFOPLIST_FILE</key>
				<string>AfishaLviv/AfishaLviv-Info.plist</string>
				<key>IPHONEOS_DEPLOYMENT_TARGET</key>
				<string>6.0</string>
				<key>PRODUCT_NAME</key>
				<string>$(TARGET_NAME)</string>
				<key>PROVISIONING_PROFILE</key>
				<string></string>
				<key>VALID_ARCHS</key>
				<string>armv7 armv7s</string>
				<key>WRAPPER_EXTENSION</key>
				<string>app</string>
			</dict>
			<key>isa</key>
			<string>XCBuildConfiguration</string>
			<key>name</key>
			<string>Release</string>
		</dict>
		<key>7FD5DD8C1517EE9000E919FA</key>
		<dict>
			<key>children</key>
			<array>
				<string>7F8D9BBF1722BD9C00EE5D7C</string>
				<string>7F8D9BC01722BD9C00EE5D7C</string>
				<string>7F36678D1722B8CD00E7BCF4</string>
				<string>7F36674A1722B84500E7BCF4</string>
				<string>7F36674B1722B84500E7BCF4</string>
				<string>7F36674E1722B84500E7BCF4</string>
				<string>7F36674F1722B84500E7BCF4</string>
				<string>7F3667521722B84500E7BCF4</string>
				<string>7F3667531722B84500E7BCF4</string>
				<string>7F3667561722B84500E7BCF4</string>
				<string>7F3667571722B84500E7BCF4</string>
			</array>
			<key>isa</key>
			<string>PBXGroup</string>
			<key>name</key>
			<string>CoreDate</string>
			<key>sourceTree</key>
			<string>&lt;group&gt;</string>
		</dict>
		<key>7FD5DD911517EEC400E919FA</key>
		<dict>
			<key>children</key>
			<array>
				<string>7F3667401722B82F00E7BCF4</string>
				<string>7F3667411722B82F00E7BCF4</string>
				<string>7FD5DD8C1517EE9000E919FA</string>
				<string>7F3667441722B82F00E7BCF4</string>
			</array>
			<key>isa</key>
			<string>PBXGroup</string>
			<key>name</key>
			<string>Models</string>
			<key>sourceTree</key>
			<string>&lt;group&gt;</string>
		</dict>
		<key>7FF85BD5153E3BE5001EA4D5</key>
		<dict>
			<key>children</key>
			<array>
				<string>7FF85BD6153E3BE5001EA4D5</string>
				<string>7FF85BD8153E3BE9001EA4D5</string>
				<string>7FF85BD9153E3BE9001EA4D5</string>
			</array>
			<key>isa</key>
			<string>PBXVariantGroup</string>
			<key>name</key>
			<string>Localizable.strings</string>
			<key>sourceTree</key>
			<string>&lt;group&gt;</string>
		</dict>
		<key>7FF85BD6153E3BE5001EA4D5</key>
		<dict>
			<key>isa</key>
			<string>PBXFileReference</string>
			<key>lastKnownFileType</key>
			<string>text.plist.strings</string>
			<key>name</key>
			<string>en</string>
			<key>path</key>
			<string>en.lproj/Localizable.strings</string>
			<key>sourceTree</key>
			<string>&lt;group&gt;</string>
		</dict>
		<key>7FF85BD7153E3BE5001EA4D5</key>
		<dict>
			<key>fileRef</key>
			<string>7FF85BD5153E3BE5001EA4D5</string>
			<key>isa</key>
			<string>PBXBuildFile</string>
		</dict>
		<key>7FF85BD8153E3BE9001EA4D5</key>
		<dict>
			<key>isa</key>
			<string>PBXFileReference</string>
			<key>lastKnownFileType</key>
			<string>text.plist.strings</string>
			<key>name</key>
			<string>ru</string>
			<key>path</key>
			<string>ru.lproj/Localizable.strings</string>
			<key>sourceTree</key>
			<string>&lt;group&gt;</string>
		</dict>
		<key>7FF85BD9153E3BE9001EA4D5</key>
		<dict>
			<key>isa</key>
			<string>PBXFileReference</string>
			<key>lastKnownFileType</key>
			<string>text.plist.strings</string>
			<key>name</key>
			<string>uk</string>
			<key>path</key>
			<string>uk.lproj/Localizable.strings</string>
			<key>sourceTree</key>
			<string>&lt;group&gt;</string>
		</dict>
		<key>8EC04B44E53E4E9EB86E2327</key>
		<dict>
			<key>buildActionMask</key>
			<string>2147483647</string>
			<key>files</key>
			<array/>
			<key>inputPaths</key>
			<array/>
			<key>isa</key>
			<string>PBXShellScriptBuildPhase</string>
			<key>name</key>
			<string>Copy Pods Resources</string>
			<key>outputPaths</key>
			<array/>
			<key>runOnlyForDeploymentPostprocessing</key>
			<string>0</string>
			<key>shellPath</key>
			<string>/bin/sh</string>
			<key>shellScript</key>
			<string>"${SRCROOT}/Pods/Pods-resources.sh"
</string>
			<key>showEnvVarsInLog</key>
			<string>1</string>
		</dict>
	</dict>
	<key>rootObject</key>
	<string>7FD5DD5B1517EE5100E919FA</string>
</dict>
</plist>
